// !$*UTF8*$!
{
	archiveVersion = 1;
	classes = {
	};
	objectVersion = 54;
	objects = {

/* Begin PBXBuildFile section */
		530525AB28125CCE00D92A2E /* Txo.swift in Sources */ = {isa = PBXBuildFile; fileRef = 530525AA28125CCE00D92A2E /* Txo.swift */; };
		532650E4286EAB1B00F0FF0B /* Settings.bundle in Resources */ = {isa = PBXBuildFile; fileRef = 532650E3286EAB1B00F0FF0B /* Settings.bundle */; };
		533562922ECEBF9E0024ECC9 /* RewardVerificationScreen.swift in Sources */ = {isa = PBXBuildFile; fileRef = 533562912ECEBF9E0024ECC9 /* RewardVerificationScreen.swift */; };
		534B71A2287BE08D00F01D42 /* CommentsAPIParams.swift in Sources */ = {isa = PBXBuildFile; fileRef = 534B71A1287BE08D00F01D42 /* CommentsAPIParams.swift */; };
		534B71A4287BE0F200F01D42 /* ChannelSignResult.swift in Sources */ = {isa = PBXBuildFile; fileRef = 534B71A3287BE0F200F01D42 /* ChannelSignResult.swift */; };
		53593F31287E5D75007FD08E /* CommentsAPIResult.swift in Sources */ = {isa = PBXBuildFile; fileRef = 53593F30287E5D75007FD08E /* CommentsAPIResult.swift */; };
		536E27C32EB1B55700A02197 /* LbryUriTest.swift in Sources */ = {isa = PBXBuildFile; fileRef = 536E27C22EB1B55700A02197 /* LbryUriTest.swift */; };
		5385092028E13D28009A7AAB /* MembershipPerk.swift in Sources */ = {isa = PBXBuildFile; fileRef = 5385091F28E13D28009A7AAB /* MembershipPerk.swift */; };
		538C274D2EFB8BC200305361 /* AccountAPIResult.swift in Sources */ = {isa = PBXBuildFile; fileRef = 538C274C2EFB8BC200305361 /* AccountAPIResult.swift */; };
		538C274F2EFB8BE900305361 /* AccountAPIParams.swift in Sources */ = {isa = PBXBuildFile; fileRef = 538C274E2EFB8BE900305361 /* AccountAPIParams.swift */; };
		538C27562EFB8DA300305361 /* AuthToken.swift in Sources */ = {isa = PBXBuildFile; fileRef = 538C27552EFB8DA300305361 /* AuthToken.swift */; };
		538C8CC62ED74B8C00E20949 /* AppIcon.icon in Resources */ = {isa = PBXBuildFile; fileRef = 538C8CC52ED74B8C00E20949 /* AppIcon.icon */; };
		5390C80D2ECE13A3005A104B /* ActionSheetPicker-3.0 in Frameworks */ = {isa = PBXBuildFile; productRef = 5390C80C2ECE13A3005A104B /* ActionSheetPicker-3.0 */; };
		5391E4362EFE36C4008EF30A /* Wallet.swift in Sources */ = {isa = PBXBuildFile; fileRef = 5391E4332EFE36C4008EF30A /* Wallet.swift */; };
		5391E43A2EFE6C88008EF30A /* SharedPreference.swift in Sources */ = {isa = PBXBuildFile; fileRef = 5391E4392EFE6C88008EF30A /* SharedPreference.swift */; };
		5391E43D2EFED725008EF30A /* ValueCodable in Frameworks */ = {isa = PBXBuildFile; productRef = 5391E43C2EFED725008EF30A /* ValueCodable */; };
		539D79892F3E386000E7686E /* ManageFollowingScreen.swift in Sources */ = {isa = PBXBuildFile; fileRef = 539D79882F3E386000E7686E /* ManageFollowingScreen.swift */; };
		539D798C2F3E389400E7686E /* CachedAsyncImage in Frameworks */ = {isa = PBXBuildFile; productRef = 539D798B2F3E389400E7686E /* CachedAsyncImage */; };
		539D798E2F3EBDCE00E7686E /* ManageFollowingViewModel.swift in Sources */ = {isa = PBXBuildFile; fileRef = 539D798D2F3EBDCE00E7686E /* ManageFollowingViewModel.swift */; };
		539D79932F3ECE7300E7686E /* ChannelListItem.swift in Sources */ = {isa = PBXBuildFile; fileRef = 539D79922F3ECE7300E7686E /* ChannelListItem.swift */; };
		53AED4F32812A8750088A1BA /* OdyseeLivestream.swift in Sources */ = {isa = PBXBuildFile; fileRef = 53AED4F22812A8750088A1BA /* OdyseeLivestream.swift */; };
		53BC58FC2818DF530017F9D2 /* LivestreamCollectionViewCell.xib in Resources */ = {isa = PBXBuildFile; fileRef = 53BC58FB2818DF530017F9D2 /* LivestreamCollectionViewCell.xib */; };
		53BC58FE2818E3D90017F9D2 /* LivestreamCollectionViewCell.swift in Sources */ = {isa = PBXBuildFile; fileRef = 53BC58FD2818E3D90017F9D2 /* LivestreamCollectionViewCell.swift */; };
		53C01F552F28CFFC008ED3F8 /* SignInUpScreen.swift in Sources */ = {isa = PBXBuildFile; fileRef = 53C01F542F28CFFC008ED3F8 /* SignInUpScreen.swift */; };
		53D4CFAA2F2B357C00F395A3 /* AsyncExtensions in Frameworks */ = {isa = PBXBuildFile; productRef = 53D4CFA92F2B357C00F395A3 /* AsyncExtensions */; };
		53D4CFAC2F2C5A9000F395A3 /* SignInUpViewModel.swift in Sources */ = {isa = PBXBuildFile; fileRef = 53D4CFAB2F2C5A9000F395A3 /* SignInUpViewModel.swift */; };
		53D59FFA2EF3AAEA0081D800 /* BackendAPIResult.swift in Sources */ = {isa = PBXBuildFile; fileRef = 53D59FF92EF3AAEA0081D800 /* BackendAPIResult.swift */; };
		53D59FFC2EF3AE530081D800 /* Methods.swift in Sources */ = {isa = PBXBuildFile; fileRef = 53D59FFB2EF3AE530081D800 /* Methods.swift */; };
		53D59FFE2EF3B3150081D800 /* QueryItemsCoder.swift in Sources */ = {isa = PBXBuildFile; fileRef = 53D59FFD2EF3B3150081D800 /* QueryItemsCoder.swift */; };
		53D5A0002EF3BB580081D800 /* QueryItemsCoderTest.swift in Sources */ = {isa = PBXBuildFile; fileRef = 53D59FFF2EF3BB580081D800 /* QueryItemsCoderTest.swift */; };
		53F64E382ECCEC2A001A7D8F /* FirebaseCrashlytics in Frameworks */ = {isa = PBXBuildFile; productRef = 53F64E372ECCEC2A001A7D8F /* FirebaseCrashlytics */; };
		53FAD3FD288504C60000F980 /* Localizable.strings in Resources */ = {isa = PBXBuildFile; fileRef = 53FAD3FB288504C60000F980 /* Localizable.strings */; };
		64019A0E269C101D00E16A51 /* ImageScrollView in Frameworks */ = {isa = PBXBuildFile; productRef = 64019A0D269C101D00E16A51 /* ImageScrollView */; };
		6402A30327E14C8800113E26 /* OdyseeLocale.swift in Sources */ = {isa = PBXBuildFile; fileRef = 6402A30227E14C8800113E26 /* OdyseeLocale.swift */; };
		640BEF2F2587A8FA0019B840 /* LbryNotification.swift in Sources */ = {isa = PBXBuildFile; fileRef = 640BEF2E2587A8FA0019B840 /* LbryNotification.swift */; };
		640BEF342587DB5D0019B840 /* NotificationTableViewCell.swift in Sources */ = {isa = PBXBuildFile; fileRef = 640BEF332587DB5D0019B840 /* NotificationTableViewCell.swift */; };
		641108DC255A8D7D00F0FB8A /* Lbryio.swift in Sources */ = {isa = PBXBuildFile; fileRef = 641108DB255A8D7D00F0FB8A /* Lbryio.swift */; };
		641108E7255AA2BC00F0FB8A /* InitViewController.swift in Sources */ = {isa = PBXBuildFile; fileRef = 641108E6255AA2BC00F0FB8A /* InitViewController.swift */; };
		641108EC255AA4CF00F0FB8A /* User.swift in Sources */ = {isa = PBXBuildFile; fileRef = 641108EB255AA4CF00F0FB8A /* User.swift */; };
		641108F1255AF6CE00F0FB8A /* Helper.swift in Sources */ = {isa = PBXBuildFile; fileRef = 641108F0255AF6CD00F0FB8A /* Helper.swift */; };
		6411C0B0255B35260018C3D5 /* Base58Swift in Frameworks */ = {isa = PBXBuildFile; productRef = 6411C0AF255B35260018C3D5 /* Base58Swift */; };
		6411C0B5255B94DA0018C3D5 /* MainViewController.swift in Sources */ = {isa = PBXBuildFile; fileRef = 6411C0B4255B94DA0018C3D5 /* MainViewController.swift */; };
		6413273E2556E86000CBB6B8 /* Claim.swift in Sources */ = {isa = PBXBuildFile; fileRef = 6413273D2556E86000CBB6B8 /* Claim.swift */; };
		641327442556EB2200CBB6B8 /* LbryUri.swift in Sources */ = {isa = PBXBuildFile; fileRef = 641327432556EB2200CBB6B8 /* LbryUri.swift */; };
		641327492556EB3400CBB6B8 /* Lbry.swift in Sources */ = {isa = PBXBuildFile; fileRef = 641327482556EB3400CBB6B8 /* Lbry.swift */; };
		6413274E2557D89200CBB6B8 /* Extensions.swift in Sources */ = {isa = PBXBuildFile; fileRef = 6413274D2557D89200CBB6B8 /* Extensions.swift */; };
		641614D2258077EF003A2194 /* UserAccountMenuViewController.swift in Sources */ = {isa = PBXBuildFile; fileRef = 641614D1258077EF003A2194 /* UserAccountMenuViewController.swift */; };
		641615052581267B003A2194 /* GoogleService-Info.plist in Resources */ = {isa = PBXBuildFile; fileRef = 641615042581267B003A2194 /* GoogleService-Info.plist */; };
		641682D825ACBA7800BCDC3A /* CommentsViewController.swift in Sources */ = {isa = PBXBuildFile; fileRef = 641682D725ACBA7800BCDC3A /* CommentsViewController.swift */; };
		641AFAE925B606E000218BD9 /* UAButton.swift in Sources */ = {isa = PBXBuildFile; fileRef = 641AFAE825B606E000218BD9 /* UAButton.swift */; };
		641B3E2727E0EFCC0089E816 /* CustomBlockRule.swift in Sources */ = {isa = PBXBuildFile; fileRef = 641B3E2627E0EFCC0089E816 /* CustomBlockRule.swift */; };
		641E7EB92608BDB100A79CD3 /* Predefined.swift in Sources */ = {isa = PBXBuildFile; fileRef = 641E7EB82608BDB100A79CD3 /* Predefined.swift */; };
		641E7EC12608BE0C00A79CD3 /* Language.swift in Sources */ = {isa = PBXBuildFile; fileRef = 641E7EC02608BE0C00A79CD3 /* Language.swift */; };
		641E7EC62608BE5800A79CD3 /* License.swift in Sources */ = {isa = PBXBuildFile; fileRef = 641E7EC52608BE5700A79CD3 /* License.swift */; };
		642B6AFD257A382900F17355 /* WalletViewController.swift in Sources */ = {isa = PBXBuildFile; fileRef = 642B6AFC257A382900F17355 /* WalletViewController.swift */; };
		642B6B02257A3A8500F17355 /* WalletSyncViewController.swift in Sources */ = {isa = PBXBuildFile; fileRef = 642B6B01257A3A8500F17355 /* WalletSyncViewController.swift */; };
		642B6B07257A635300F17355 /* WalletSync.swift in Sources */ = {isa = PBXBuildFile; fileRef = 642B6B06257A635300F17355 /* WalletSync.swift */; };
		642B6B0C257AB9F200F17355 /* WalletBalance.swift in Sources */ = {isa = PBXBuildFile; fileRef = 642B6B0B257AB9F200F17355 /* WalletBalance.swift */; };
		642B6B11257B4CBC00F17355 /* Transaction.swift in Sources */ = {isa = PBXBuildFile; fileRef = 642B6B10257B4CBC00F17355 /* Transaction.swift */; };
		642B6B16257B528300F17355 /* TransactionTableViewCell.swift in Sources */ = {isa = PBXBuildFile; fileRef = 642B6B15257B528300F17355 /* TransactionTableViewCell.swift */; };
		642B6B1B257B698C00F17355 /* TransactionsViewController.swift in Sources */ = {isa = PBXBuildFile; fileRef = 642B6B1A257B698C00F17355 /* TransactionsViewController.swift */; };
		643382A3258DB119004B562B /* RewardTableViewCell.swift in Sources */ = {isa = PBXBuildFile; fileRef = 643382A2258DB119004B562B /* RewardTableViewCell.swift */; };
		64424DCF25588D0D00F2D247 /* ClaimTableViewCell.swift in Sources */ = {isa = PBXBuildFile; fileRef = 64424DCE25588D0C00F2D247 /* ClaimTableViewCell.swift */; };
		64424DDA255895A500F2D247 /* ContentSources.swift in Sources */ = {isa = PBXBuildFile; fileRef = 64424DD9255895A500F2D247 /* ContentSources.swift */; };
		644F76AE25592F8400813451 /* FileViewController.swift in Sources */ = {isa = PBXBuildFile; fileRef = 644F76AD25592F8400813451 /* FileViewController.swift */; };
		6451659625DEA8B2009FAC39 /* YouTubeSyncViewController.swift in Sources */ = {isa = PBXBuildFile; fileRef = 6451659525DEA8B2009FAC39 /* YouTubeSyncViewController.swift */; };
		64533589257FDC6800C49BD1 /* FirebaseAnalytics in Frameworks */ = {isa = PBXBuildFile; productRef = 64533588257FDC6800C49BD1 /* FirebaseAnalytics */; };
		6453358B257FDC6800C49BD1 /* FirebaseMessaging in Frameworks */ = {isa = PBXBuildFile; productRef = 6453358A257FDC6800C49BD1 /* FirebaseMessaging */; };
		6459121D2620745D00B2ABA5 /* Starscream in Frameworks */ = {isa = PBXBuildFile; productRef = 6459121C2620745D00B2ABA5 /* Starscream */; };
		645912222620789E00B2ABA5 /* ChatMessageTableViewCell.swift in Sources */ = {isa = PBXBuildFile; fileRef = 645912212620789E00B2ABA5 /* ChatMessageTableViewCell.swift */; };
		6462DABD255D3CFE001CF1E8 /* UICardView.swift in Sources */ = {isa = PBXBuildFile; fileRef = 6462DABC255D3CFE001CF1E8 /* UICardView.swift */; };
		64666AF62587290200DF4608 /* ChannelListTableViewCell.swift in Sources */ = {isa = PBXBuildFile; fileRef = 64666AF52587290200DF4608 /* ChannelListTableViewCell.swift */; };
		64666AFB25872BE000DF4608 /* ChannelManagerViewController.swift in Sources */ = {isa = PBXBuildFile; fileRef = 64666AFA25872BE000DF4608 /* ChannelManagerViewController.swift */; };
		64666B032587378400DF4608 /* ChannelEditorViewController.swift in Sources */ = {isa = PBXBuildFile; fileRef = 64666B022587378400DF4608 /* ChannelEditorViewController.swift */; };
		646D563F2584FAD4002DB12F /* RewardsViewController.swift in Sources */ = {isa = PBXBuildFile; fileRef = 646D563E2584FAD4002DB12F /* RewardsViewController.swift */; };
		646E4A5F259CF13A0008C9C8 /* Comment.swift in Sources */ = {isa = PBXBuildFile; fileRef = 646E4A5E259CF13A0008C9C8 /* Comment.swift */; };
		646E4A64259CF5380008C9C8 /* CommentTableViewCell.swift in Sources */ = {isa = PBXBuildFile; fileRef = 646E4A63259CF5380008C9C8 /* CommentTableViewCell.swift */; };
		646E54D8257D40DC00BEBFBE /* ChannelViewController.swift in Sources */ = {isa = PBXBuildFile; fileRef = 646E54D7257D40DC00BEBFBE /* ChannelViewController.swift */; };
		646E54DD257DCD6100BEBFBE /* UIPaddedLabel.swift in Sources */ = {isa = PBXBuildFile; fileRef = 646E54DC257DCD6100BEBFBE /* UIPaddedLabel.swift */; };
		646E54EA257E565000BEBFBE /* SupportViewController.swift in Sources */ = {isa = PBXBuildFile; fileRef = 646E54E9257E565000BEBFBE /* SupportViewController.swift */; };
		646F1F7625F0D67A00F75F3B /* PublishesViewController.swift in Sources */ = {isa = PBXBuildFile; fileRef = 646F1F7525F0D67A00F75F3B /* PublishesViewController.swift */; };
		646F1F7E25F0D6BE00F75F3B /* PublishViewController.swift in Sources */ = {isa = PBXBuildFile; fileRef = 646F1F7D25F0D6BE00F75F3B /* PublishViewController.swift */; };
		647408512577FA30008007C6 /* ChannelCollectionViewCell.swift in Sources */ = {isa = PBXBuildFile; fileRef = 647408502577FA30008007C6 /* ChannelCollectionViewCell.swift */; };
		647EB3F225F54EB1003AA76B /* UIStackCardView.swift in Sources */ = {isa = PBXBuildFile; fileRef = 647EB3F125F54EB1003AA76B /* UIStackCardView.swift */; };
		6484E1AD2582238900221658 /* NotificationsViewController.swift in Sources */ = {isa = PBXBuildFile; fileRef = 6484E1AC2582238900221658 /* NotificationsViewController.swift */; };
		648F31FC2575122500E2CA51 /* SuggestedChannelCollectionViewCell.swift in Sources */ = {isa = PBXBuildFile; fileRef = 648F31FB2575122500E2CA51 /* SuggestedChannelCollectionViewCell.swift */; };
		648F320C2575D52500E2CA51 /* UserAccountViewController.swift in Sources */ = {isa = PBXBuildFile; fileRef = 648F320B2575D52500E2CA51 /* UserAccountViewController.swift */; };
		648F70D226307BC700885A2F /* HaishinKit in Frameworks */ = {isa = PBXBuildFile; productRef = 648F70D126307BC700885A2F /* HaishinKit */; };
		648F70D726307BF900885A2F /* GoLiveViewController.swift in Sources */ = {isa = PBXBuildFile; fileRef = 648F70D626307BF900885A2F /* GoLiveViewController.swift */; };
		649EA90626528D8D00F45129 /* launch_screen.png in Resources */ = {isa = PBXBuildFile; fileRef = 649EA90526528D8D00F45129 /* launch_screen.png */; };
		649F023C2717F918009A5698 /* Constants.swift in Sources */ = {isa = PBXBuildFile; fileRef = 649F023B2717F918009A5698 /* Constants.swift */; };
		64A26CE526974B7A00AE19DE /* PerfectMarkdown in Frameworks */ = {isa = PBXBuildFile; productRef = 64A26CE426974B7A00AE19DE /* PerfectMarkdown */; };
		64A6CA71255DADFB00294E74 /* SearchViewController.swift in Sources */ = {isa = PBXBuildFile; fileRef = 64A6CA70255DADFB00294E74 /* SearchViewController.swift */; };
		64A6CA76255DB5B200294E74 /* Lighthouse.swift in Sources */ = {isa = PBXBuildFile; fileRef = 64A6CA75255DB5B200294E74 /* Lighthouse.swift */; };
		64A6CA7B255DD34700294E74 /* AppTabBarController.swift in Sources */ = {isa = PBXBuildFile; fileRef = 64A6CA7A255DD34700294E74 /* AppTabBarController.swift */; };
		64A8B65125E671AC00F06D74 /* YouTubeSyncStatusViewController.swift in Sources */ = {isa = PBXBuildFile; fileRef = 64A8B65025E671AC00F06D74 /* YouTubeSyncStatusViewController.swift */; };
		64BAFBB22609ED5900BD4B9A /* LibraryViewController.swift in Sources */ = {isa = PBXBuildFile; fileRef = 64BAFBB12609ED5900BD4B9A /* LibraryViewController.swift */; };
		64CB288225768A9A00FE48B3 /* Snackbar.swift in Sources */ = {isa = PBXBuildFile; fileRef = 64CB288125768A9A00FE48B3 /* Snackbar.swift */; };
		64D0CFED25728D2A00A89B0A /* FollowingViewController.swift in Sources */ = {isa = PBXBuildFile; fileRef = 64D0CFEC25728D2A00A89B0A /* FollowingViewController.swift */; };
		64D72BBA258C952A00F5C4E3 /* RewardVerified.swift in Sources */ = {isa = PBXBuildFile; fileRef = 64D72BB9258C952A00F5C4E3 /* RewardVerified.swift */; };
		64D72BC3258CDEC400F5C4E3 /* Reward.swift in Sources */ = {isa = PBXBuildFile; fileRef = 64D72BC2258CDEC400F5C4E3 /* Reward.swift */; };
		64FBE79D25502A290082AF2E /* AppDelegate.swift in Sources */ = {isa = PBXBuildFile; fileRef = 64FBE79C25502A290082AF2E /* AppDelegate.swift */; };
		64FBE79F25502A290082AF2E /* SceneDelegate.swift in Sources */ = {isa = PBXBuildFile; fileRef = 64FBE79E25502A290082AF2E /* SceneDelegate.swift */; };
		64FBE7A125502A290082AF2E /* HomeViewController.swift in Sources */ = {isa = PBXBuildFile; fileRef = 64FBE7A025502A290082AF2E /* HomeViewController.swift */; };
		64FBE7A425502A290082AF2E /* Main.storyboard in Resources */ = {isa = PBXBuildFile; fileRef = 64FBE7A225502A290082AF2E /* Main.storyboard */; };
		64FBE7A925502A2C0082AF2E /* Assets.xcassets in Resources */ = {isa = PBXBuildFile; fileRef = 64FBE7A825502A2C0082AF2E /* Assets.xcassets */; };
		64FBE7AC25502A2C0082AF2E /* LaunchScreen.storyboard in Resources */ = {isa = PBXBuildFile; fileRef = 64FBE7AA25502A2C0082AF2E /* LaunchScreen.storyboard */; };
		64FBE7C225502A2D0082AF2E /* OdyseeUITests.swift in Sources */ = {isa = PBXBuildFile; fileRef = 64FBE7C125502A2D0082AF2E /* OdyseeUITests.swift */; };
		64FF82002604748E009B7A3B /* FirstRunViewController.swift in Sources */ = {isa = PBXBuildFile; fileRef = 64FF81FF2604748E009B7A3B /* FirstRunViewController.swift */; };
		64FF820F2604FB0B009B7A3B /* FirstRunDelegate.swift in Sources */ = {isa = PBXBuildFile; fileRef = 64FF820E2604FB0B009B7A3B /* FirstRunDelegate.swift */; };
		64FF821A260507D2009B7A3B /* CreateChannelViewController.swift in Sources */ = {isa = PBXBuildFile; fileRef = 64FF8219260507D2009B7A3B /* CreateChannelViewController.swift */; };
		B63C54A7260C990C00DD26A9 /* AuthenticationServices.framework in Frameworks */ = {isa = PBXBuildFile; fileRef = B63C54A6260C990C00DD26A9 /* AuthenticationServices.framework */; };
		CC004D5A2662868300514FDF /* ClaimTableViewCell.xib in Resources */ = {isa = PBXBuildFile; fileRef = CC004D592662868300514FDF /* ClaimTableViewCell.xib */; };
		CC015766267A9C1100F96EFE /* ImageURLs.swift in Sources */ = {isa = PBXBuildFile; fileRef = CC015765267A9C1100F96EFE /* ImageURLs.swift */; };
		CC015768267C1A0B00F96EFE /* ResolveResult.swift in Sources */ = {isa = PBXBuildFile; fileRef = CC015767267C1A0B00F96EFE /* ResolveResult.swift */; };
		CC0B2B0D266D0E72002490BB /* Lock.swift in Sources */ = {isa = PBXBuildFile; fileRef = CC0B2B0C266D0E72002490BB /* Lock.swift */; };
		CC3A1E7826853D7E00683E28 /* BackendAPIParams.swift in Sources */ = {isa = PBXBuildFile; fileRef = CC3A1E7726853D7E00683E28 /* BackendAPIParams.swift */; };
		CC48F4FC2662B2020018D958 /* VideoPickerController.swift in Sources */ = {isa = PBXBuildFile; fileRef = CC48F4FB2662B2020018D958 /* VideoPickerController.swift */; };
		CC49954526692037001BB2DC /* ImagePrefetchController.swift in Sources */ = {isa = PBXBuildFile; fileRef = CC49954426692037001BB2DC /* ImagePrefetchController.swift */; };
		CC80EC0F2672A80700CA07DA /* Page.swift in Sources */ = {isa = PBXBuildFile; fileRef = CC80EC0E2672A80700CA07DA /* Page.swift */; };
		CC97807926549867009F580E /* Log.swift in Sources */ = {isa = PBXBuildFile; fileRef = CC97807826549867009F580E /* Log.swift */; };
		CCDDA9172655C1340006035F /* FileDismissAnimationController.swift in Sources */ = {isa = PBXBuildFile; fileRef = CCDDA9162655C1340006035F /* FileDismissAnimationController.swift */; };
		CCDDA921265852920006035F /* Multistream.swift in Sources */ = {isa = PBXBuildFile; fileRef = CCDDA920265852910006035F /* Multistream.swift */; };
		CCDDA9232658529C0006035F /* MultistreamTests.swift in Sources */ = {isa = PBXBuildFile; fileRef = CCDDA9222658529C0006035F /* MultistreamTests.swift */; };
		CCDDA929265861AF0006035F /* PINRemoteImage in Frameworks */ = {isa = PBXBuildFile; productRef = CCDDA928265861AF0006035F /* PINRemoteImage */; };
		CCFB0B4F26653E0900696E0C /* OrderedCollections in Frameworks */ = {isa = PBXBuildFile; productRef = CCFB0B4E26653E0900696E0C /* OrderedCollections */; };
/* End PBXBuildFile section */

/* Begin PBXContainerItemProxy section */
		64FBE7B325502A2D0082AF2E /* PBXContainerItemProxy */ = {
			isa = PBXContainerItemProxy;
			containerPortal = 64FBE79125502A290082AF2E /* Project object */;
			proxyType = 1;
			remoteGlobalIDString = 64FBE79825502A290082AF2E;
			remoteInfo = Odysee;
		};
		64FBE7BE25502A2D0082AF2E /* PBXContainerItemProxy */ = {
			isa = PBXContainerItemProxy;
			containerPortal = 64FBE79125502A290082AF2E /* Project object */;
			proxyType = 1;
			remoteGlobalIDString = 64FBE79825502A290082AF2E;
			remoteInfo = Odysee;
		};
/* End PBXContainerItemProxy section */

/* Begin PBXFileReference section */
		530525AA28125CCE00D92A2E /* Txo.swift */ = {isa = PBXFileReference; lastKnownFileType = sourcecode.swift; path = Txo.swift; sourceTree = "<group>"; };
		532650E3286EAB1B00F0FF0B /* Settings.bundle */ = {isa = PBXFileReference; lastKnownFileType = "wrapper.plug-in"; path = Settings.bundle; sourceTree = "<group>"; };
		533562912ECEBF9E0024ECC9 /* RewardVerificationScreen.swift */ = {isa = PBXFileReference; lastKnownFileType = sourcecode.swift; path = RewardVerificationScreen.swift; sourceTree = "<group>"; };
		534B71A1287BE08D00F01D42 /* CommentsAPIParams.swift */ = {isa = PBXFileReference; lastKnownFileType = sourcecode.swift; path = CommentsAPIParams.swift; sourceTree = "<group>"; };
		534B71A3287BE0F200F01D42 /* ChannelSignResult.swift */ = {isa = PBXFileReference; lastKnownFileType = sourcecode.swift; path = ChannelSignResult.swift; sourceTree = "<group>"; };
		53593F30287E5D75007FD08E /* CommentsAPIResult.swift */ = {isa = PBXFileReference; lastKnownFileType = sourcecode.swift; path = CommentsAPIResult.swift; sourceTree = "<group>"; };
		536E27C22EB1B55700A02197 /* LbryUriTest.swift */ = {isa = PBXFileReference; lastKnownFileType = sourcecode.swift; path = LbryUriTest.swift; sourceTree = "<group>"; };
		5385091F28E13D28009A7AAB /* MembershipPerk.swift */ = {isa = PBXFileReference; lastKnownFileType = sourcecode.swift; path = MembershipPerk.swift; sourceTree = "<group>"; };
		538C274C2EFB8BC200305361 /* AccountAPIResult.swift */ = {isa = PBXFileReference; lastKnownFileType = sourcecode.swift; path = AccountAPIResult.swift; sourceTree = "<group>"; };
		538C274E2EFB8BE900305361 /* AccountAPIParams.swift */ = {isa = PBXFileReference; lastKnownFileType = sourcecode.swift; path = AccountAPIParams.swift; sourceTree = "<group>"; };
		538C27552EFB8DA300305361 /* AuthToken.swift */ = {isa = PBXFileReference; lastKnownFileType = sourcecode.swift; path = AuthToken.swift; sourceTree = "<group>"; };
		538C8CC52ED74B8C00E20949 /* AppIcon.icon */ = {isa = PBXFileReference; lastKnownFileType = folder.iconcomposer.icon; path = AppIcon.icon; sourceTree = "<group>"; };
		5391E4332EFE36C4008EF30A /* Wallet.swift */ = {isa = PBXFileReference; lastKnownFileType = sourcecode.swift; path = Wallet.swift; sourceTree = "<group>"; };
		5391E4392EFE6C88008EF30A /* SharedPreference.swift */ = {isa = PBXFileReference; lastKnownFileType = sourcecode.swift; path = SharedPreference.swift; sourceTree = "<group>"; };
		539D79882F3E386000E7686E /* ManageFollowingScreen.swift */ = {isa = PBXFileReference; lastKnownFileType = sourcecode.swift; path = ManageFollowingScreen.swift; sourceTree = "<group>"; };
		539D798D2F3EBDCE00E7686E /* ManageFollowingViewModel.swift */ = {isa = PBXFileReference; lastKnownFileType = sourcecode.swift; path = ManageFollowingViewModel.swift; sourceTree = "<group>"; };
		539D79922F3ECE7300E7686E /* ChannelListItem.swift */ = {isa = PBXFileReference; lastKnownFileType = sourcecode.swift; path = ChannelListItem.swift; sourceTree = "<group>"; };
		53AED4F22812A8750088A1BA /* OdyseeLivestream.swift */ = {isa = PBXFileReference; lastKnownFileType = sourcecode.swift; path = OdyseeLivestream.swift; sourceTree = "<group>"; };
		53BC58FB2818DF530017F9D2 /* LivestreamCollectionViewCell.xib */ = {isa = PBXFileReference; lastKnownFileType = file.xib; path = LivestreamCollectionViewCell.xib; sourceTree = "<group>"; };
		53BC58FD2818E3D90017F9D2 /* LivestreamCollectionViewCell.swift */ = {isa = PBXFileReference; lastKnownFileType = sourcecode.swift; path = LivestreamCollectionViewCell.swift; sourceTree = "<group>"; };
		53C01F542F28CFFC008ED3F8 /* SignInUpScreen.swift */ = {isa = PBXFileReference; lastKnownFileType = sourcecode.swift; path = SignInUpScreen.swift; sourceTree = "<group>"; };
		53D4CFAB2F2C5A9000F395A3 /* SignInUpViewModel.swift */ = {isa = PBXFileReference; lastKnownFileType = sourcecode.swift; path = SignInUpViewModel.swift; sourceTree = "<group>"; };
		53D59FF92EF3AAEA0081D800 /* BackendAPIResult.swift */ = {isa = PBXFileReference; lastKnownFileType = sourcecode.swift; path = BackendAPIResult.swift; sourceTree = "<group>"; };
		53D59FFB2EF3AE530081D800 /* Methods.swift */ = {isa = PBXFileReference; lastKnownFileType = sourcecode.swift; path = Methods.swift; sourceTree = "<group>"; };
		53D59FFD2EF3B3150081D800 /* QueryItemsCoder.swift */ = {isa = PBXFileReference; lastKnownFileType = sourcecode.swift; path = QueryItemsCoder.swift; sourceTree = "<group>"; };
		53D59FFF2EF3BB580081D800 /* QueryItemsCoderTest.swift */ = {isa = PBXFileReference; lastKnownFileType = sourcecode.swift; path = QueryItemsCoderTest.swift; sourceTree = "<group>"; };
		53FAD3FC288504C60000F980 /* Base */ = {isa = PBXFileReference; lastKnownFileType = text.plist.strings; name = Base; path = Odysee/Base.lproj/Localizable.strings; sourceTree = "<group>"; };
		6402A30227E14C8800113E26 /* OdyseeLocale.swift */ = {isa = PBXFileReference; lastKnownFileType = sourcecode.swift; path = OdyseeLocale.swift; sourceTree = "<group>"; };
		640BEF2E2587A8FA0019B840 /* LbryNotification.swift */ = {isa = PBXFileReference; lastKnownFileType = sourcecode.swift; path = LbryNotification.swift; sourceTree = "<group>"; };
		640BEF332587DB5D0019B840 /* NotificationTableViewCell.swift */ = {isa = PBXFileReference; lastKnownFileType = sourcecode.swift; path = NotificationTableViewCell.swift; sourceTree = "<group>"; };
		641108DB255A8D7D00F0FB8A /* Lbryio.swift */ = {isa = PBXFileReference; lastKnownFileType = sourcecode.swift; path = Lbryio.swift; sourceTree = "<group>"; };
		641108E6255AA2BC00F0FB8A /* InitViewController.swift */ = {isa = PBXFileReference; lastKnownFileType = sourcecode.swift; path = InitViewController.swift; sourceTree = "<group>"; };
		641108EB255AA4CF00F0FB8A /* User.swift */ = {isa = PBXFileReference; lastKnownFileType = sourcecode.swift; path = User.swift; sourceTree = "<group>"; };
		641108F0255AF6CD00F0FB8A /* Helper.swift */ = {isa = PBXFileReference; lastKnownFileType = sourcecode.swift; path = Helper.swift; sourceTree = "<group>"; };
		6411C0B4255B94DA0018C3D5 /* MainViewController.swift */ = {isa = PBXFileReference; lastKnownFileType = sourcecode.swift; path = MainViewController.swift; sourceTree = "<group>"; };
		6413273D2556E86000CBB6B8 /* Claim.swift */ = {isa = PBXFileReference; lastKnownFileType = sourcecode.swift; path = Claim.swift; sourceTree = "<group>"; };
		641327432556EB2200CBB6B8 /* LbryUri.swift */ = {isa = PBXFileReference; lastKnownFileType = sourcecode.swift; path = LbryUri.swift; sourceTree = "<group>"; };
		641327482556EB3400CBB6B8 /* Lbry.swift */ = {isa = PBXFileReference; lastKnownFileType = sourcecode.swift; path = Lbry.swift; sourceTree = "<group>"; };
		6413274D2557D89200CBB6B8 /* Extensions.swift */ = {isa = PBXFileReference; lastKnownFileType = sourcecode.swift; path = Extensions.swift; sourceTree = "<group>"; };
		641614D1258077EF003A2194 /* UserAccountMenuViewController.swift */ = {isa = PBXFileReference; lastKnownFileType = sourcecode.swift; path = UserAccountMenuViewController.swift; sourceTree = "<group>"; };
		641615042581267B003A2194 /* GoogleService-Info.plist */ = {isa = PBXFileReference; fileEncoding = 4; lastKnownFileType = text.plist.xml; path = "GoogleService-Info.plist"; sourceTree = "<group>"; };
		641682D725ACBA7800BCDC3A /* CommentsViewController.swift */ = {isa = PBXFileReference; lastKnownFileType = sourcecode.swift; path = CommentsViewController.swift; sourceTree = "<group>"; };
		641AFAE825B606E000218BD9 /* UAButton.swift */ = {isa = PBXFileReference; lastKnownFileType = sourcecode.swift; path = UAButton.swift; sourceTree = "<group>"; };
		641B3E2627E0EFCC0089E816 /* CustomBlockRule.swift */ = {isa = PBXFileReference; lastKnownFileType = sourcecode.swift; path = CustomBlockRule.swift; sourceTree = "<group>"; };
		641E7EB82608BDB100A79CD3 /* Predefined.swift */ = {isa = PBXFileReference; lastKnownFileType = sourcecode.swift; path = Predefined.swift; sourceTree = "<group>"; };
		641E7EC02608BE0C00A79CD3 /* Language.swift */ = {isa = PBXFileReference; lastKnownFileType = sourcecode.swift; path = Language.swift; sourceTree = "<group>"; };
		641E7EC52608BE5700A79CD3 /* License.swift */ = {isa = PBXFileReference; lastKnownFileType = sourcecode.swift; path = License.swift; sourceTree = "<group>"; };
		641F07DC26A83D4E008CD7C5 /* pt-BR */ = {isa = PBXFileReference; lastKnownFileType = text.plist.strings; name = "pt-BR"; path = "pt-BR.lproj/Main.strings"; sourceTree = "<group>"; };
		641F07DD26A83D4E008CD7C5 /* pt-BR */ = {isa = PBXFileReference; lastKnownFileType = text.plist.strings; name = "pt-BR"; path = "pt-BR.lproj/LaunchScreen.strings"; sourceTree = "<group>"; };
		641F07DE26A83DA6008CD7C5 /* fr */ = {isa = PBXFileReference; lastKnownFileType = text.plist.strings; name = fr; path = fr.lproj/Main.strings; sourceTree = "<group>"; };
		641F07DF26A83DA9008CD7C5 /* fr */ = {isa = PBXFileReference; lastKnownFileType = text.plist.strings; name = fr; path = fr.lproj/LaunchScreen.strings; sourceTree = "<group>"; };
		641F07E026A83E01008CD7C5 /* fr */ = {isa = PBXFileReference; lastKnownFileType = text.plist.strings; name = fr; path = fr.lproj/Main.strings; sourceTree = "<group>"; };
		641F07E126A83E03008CD7C5 /* fr */ = {isa = PBXFileReference; lastKnownFileType = text.plist.strings; name = fr; path = fr.lproj/LaunchScreen.strings; sourceTree = "<group>"; };
		641F07E226A83E49008CD7C5 /* zh-Hans */ = {isa = PBXFileReference; lastKnownFileType = text.plist.strings; name = "zh-Hans"; path = "zh-Hans.lproj/Main.strings"; sourceTree = "<group>"; };
		641F07E326A83E49008CD7C5 /* zh-Hans */ = {isa = PBXFileReference; lastKnownFileType = text.plist.strings; name = "zh-Hans"; path = "zh-Hans.lproj/LaunchScreen.strings"; sourceTree = "<group>"; };
		641F07E426A83E9C008CD7C5 /* zh-Hant */ = {isa = PBXFileReference; lastKnownFileType = text.plist.strings; name = "zh-Hant"; path = "zh-Hant.lproj/Main.strings"; sourceTree = "<group>"; };
		641F07E526A83E9C008CD7C5 /* zh-Hant */ = {isa = PBXFileReference; lastKnownFileType = text.plist.strings; name = "zh-Hant"; path = "zh-Hant.lproj/LaunchScreen.strings"; sourceTree = "<group>"; };
		641F07E626A83EE6008CD7C5 /* zh-HK */ = {isa = PBXFileReference; lastKnownFileType = text.plist.strings; name = "zh-HK"; path = "zh-HK.lproj/Main.strings"; sourceTree = "<group>"; };
		641F07E726A83EE6008CD7C5 /* zh-HK */ = {isa = PBXFileReference; lastKnownFileType = text.plist.strings; name = "zh-HK"; path = "zh-HK.lproj/LaunchScreen.strings"; sourceTree = "<group>"; };
		641F07EB26A83F93008CD7C5 /* ru-RU */ = {isa = PBXFileReference; lastKnownFileType = text.plist.strings; name = "ru-RU"; path = "ru-RU.lproj/Main.strings"; sourceTree = "<group>"; };
		641F07EC26A83F94008CD7C5 /* ru-RU */ = {isa = PBXFileReference; lastKnownFileType = text.plist.strings; name = "ru-RU"; path = "ru-RU.lproj/LaunchScreen.strings"; sourceTree = "<group>"; };
		641F07ED26A83F9B008CD7C5 /* es */ = {isa = PBXFileReference; lastKnownFileType = text.plist.strings; name = es; path = es.lproj/Main.strings; sourceTree = "<group>"; };
		641F07EE26A83FC9008CD7C5 /* es */ = {isa = PBXFileReference; lastKnownFileType = text.plist.strings; name = es; path = es.lproj/LaunchScreen.strings; sourceTree = "<group>"; };
		642B6AFC257A382900F17355 /* WalletViewController.swift */ = {isa = PBXFileReference; lastKnownFileType = sourcecode.swift; path = WalletViewController.swift; sourceTree = "<group>"; };
		642B6B01257A3A8500F17355 /* WalletSyncViewController.swift */ = {isa = PBXFileReference; lastKnownFileType = sourcecode.swift; path = WalletSyncViewController.swift; sourceTree = "<group>"; };
		642B6B06257A635300F17355 /* WalletSync.swift */ = {isa = PBXFileReference; lastKnownFileType = sourcecode.swift; path = WalletSync.swift; sourceTree = "<group>"; };
		642B6B0B257AB9F200F17355 /* WalletBalance.swift */ = {isa = PBXFileReference; lastKnownFileType = sourcecode.swift; path = WalletBalance.swift; sourceTree = "<group>"; };
		642B6B10257B4CBC00F17355 /* Transaction.swift */ = {isa = PBXFileReference; lastKnownFileType = sourcecode.swift; path = Transaction.swift; sourceTree = "<group>"; };
		642B6B15257B528300F17355 /* TransactionTableViewCell.swift */ = {isa = PBXFileReference; lastKnownFileType = sourcecode.swift; path = TransactionTableViewCell.swift; sourceTree = "<group>"; };
		642B6B1A257B698C00F17355 /* TransactionsViewController.swift */ = {isa = PBXFileReference; lastKnownFileType = sourcecode.swift; path = TransactionsViewController.swift; sourceTree = "<group>"; };
		643382A2258DB119004B562B /* RewardTableViewCell.swift */ = {isa = PBXFileReference; lastKnownFileType = sourcecode.swift; path = RewardTableViewCell.swift; sourceTree = "<group>"; };
		64424DCE25588D0C00F2D247 /* ClaimTableViewCell.swift */ = {isa = PBXFileReference; lastKnownFileType = sourcecode.swift; path = ClaimTableViewCell.swift; sourceTree = "<group>"; };
		64424DD9255895A500F2D247 /* ContentSources.swift */ = {isa = PBXFileReference; lastKnownFileType = sourcecode.swift; path = ContentSources.swift; sourceTree = "<group>"; };
		644F76AD25592F8400813451 /* FileViewController.swift */ = {isa = PBXFileReference; lastKnownFileType = sourcecode.swift; path = FileViewController.swift; sourceTree = "<group>"; };
		6451659525DEA8B2009FAC39 /* YouTubeSyncViewController.swift */ = {isa = PBXFileReference; lastKnownFileType = sourcecode.swift; path = YouTubeSyncViewController.swift; sourceTree = "<group>"; };
		645912212620789E00B2ABA5 /* ChatMessageTableViewCell.swift */ = {isa = PBXFileReference; lastKnownFileType = sourcecode.swift; path = ChatMessageTableViewCell.swift; sourceTree = "<group>"; };
		6462DABC255D3CFE001CF1E8 /* UICardView.swift */ = {isa = PBXFileReference; lastKnownFileType = sourcecode.swift; path = UICardView.swift; sourceTree = "<group>"; };
		64666AF52587290200DF4608 /* ChannelListTableViewCell.swift */ = {isa = PBXFileReference; lastKnownFileType = sourcecode.swift; path = ChannelListTableViewCell.swift; sourceTree = "<group>"; };
		64666AFA25872BE000DF4608 /* ChannelManagerViewController.swift */ = {isa = PBXFileReference; lastKnownFileType = sourcecode.swift; path = ChannelManagerViewController.swift; sourceTree = "<group>"; };
		64666B022587378400DF4608 /* ChannelEditorViewController.swift */ = {isa = PBXFileReference; lastKnownFileType = sourcecode.swift; path = ChannelEditorViewController.swift; sourceTree = "<group>"; };
		646D563E2584FAD4002DB12F /* RewardsViewController.swift */ = {isa = PBXFileReference; lastKnownFileType = sourcecode.swift; path = RewardsViewController.swift; sourceTree = "<group>"; };
		646E4A5E259CF13A0008C9C8 /* Comment.swift */ = {isa = PBXFileReference; lastKnownFileType = sourcecode.swift; path = Comment.swift; sourceTree = "<group>"; };
		646E4A63259CF5380008C9C8 /* CommentTableViewCell.swift */ = {isa = PBXFileReference; lastKnownFileType = sourcecode.swift; path = CommentTableViewCell.swift; sourceTree = "<group>"; };
		646E54D7257D40DC00BEBFBE /* ChannelViewController.swift */ = {isa = PBXFileReference; lastKnownFileType = sourcecode.swift; path = ChannelViewController.swift; sourceTree = "<group>"; };
		646E54DC257DCD6100BEBFBE /* UIPaddedLabel.swift */ = {isa = PBXFileReference; lastKnownFileType = sourcecode.swift; path = UIPaddedLabel.swift; sourceTree = "<group>"; };
		646E54E9257E565000BEBFBE /* SupportViewController.swift */ = {isa = PBXFileReference; lastKnownFileType = sourcecode.swift; path = SupportViewController.swift; sourceTree = "<group>"; };
		646F1F7525F0D67A00F75F3B /* PublishesViewController.swift */ = {isa = PBXFileReference; lastKnownFileType = sourcecode.swift; path = PublishesViewController.swift; sourceTree = "<group>"; };
		646F1F7D25F0D6BE00F75F3B /* PublishViewController.swift */ = {isa = PBXFileReference; lastKnownFileType = sourcecode.swift; path = PublishViewController.swift; sourceTree = "<group>"; };
		647408502577FA30008007C6 /* ChannelCollectionViewCell.swift */ = {isa = PBXFileReference; lastKnownFileType = sourcecode.swift; path = ChannelCollectionViewCell.swift; sourceTree = "<group>"; };
		647EB3F125F54EB1003AA76B /* UIStackCardView.swift */ = {isa = PBXFileReference; lastKnownFileType = sourcecode.swift; path = UIStackCardView.swift; sourceTree = "<group>"; };
		6484E1AC2582238900221658 /* NotificationsViewController.swift */ = {isa = PBXFileReference; lastKnownFileType = sourcecode.swift; path = NotificationsViewController.swift; sourceTree = "<group>"; };
		6484E1B12582269100221658 /* Odysee.entitlements */ = {isa = PBXFileReference; lastKnownFileType = text.plist.entitlements; path = Odysee.entitlements; sourceTree = "<group>"; };
		648F31FB2575122500E2CA51 /* SuggestedChannelCollectionViewCell.swift */ = {isa = PBXFileReference; lastKnownFileType = sourcecode.swift; path = SuggestedChannelCollectionViewCell.swift; sourceTree = "<group>"; };
		648F320B2575D52500E2CA51 /* UserAccountViewController.swift */ = {isa = PBXFileReference; lastKnownFileType = sourcecode.swift; path = UserAccountViewController.swift; sourceTree = "<group>"; };
		648F70D626307BF900885A2F /* GoLiveViewController.swift */ = {isa = PBXFileReference; lastKnownFileType = sourcecode.swift; path = GoLiveViewController.swift; sourceTree = "<group>"; };
		649EA90526528D8D00F45129 /* launch_screen.png */ = {isa = PBXFileReference; lastKnownFileType = image.png; path = launch_screen.png; sourceTree = "<group>"; };
		649F023B2717F918009A5698 /* Constants.swift */ = {isa = PBXFileReference; lastKnownFileType = sourcecode.swift; path = Constants.swift; sourceTree = "<group>"; };
		64A6CA70255DADFB00294E74 /* SearchViewController.swift */ = {isa = PBXFileReference; lastKnownFileType = sourcecode.swift; path = SearchViewController.swift; sourceTree = "<group>"; };
		64A6CA75255DB5B200294E74 /* Lighthouse.swift */ = {isa = PBXFileReference; lastKnownFileType = sourcecode.swift; path = Lighthouse.swift; sourceTree = "<group>"; };
		64A6CA7A255DD34700294E74 /* AppTabBarController.swift */ = {isa = PBXFileReference; lastKnownFileType = sourcecode.swift; path = AppTabBarController.swift; sourceTree = "<group>"; };
		64A8B65025E671AC00F06D74 /* YouTubeSyncStatusViewController.swift */ = {isa = PBXFileReference; lastKnownFileType = sourcecode.swift; path = YouTubeSyncStatusViewController.swift; sourceTree = "<group>"; };
		64BAFBB12609ED5900BD4B9A /* LibraryViewController.swift */ = {isa = PBXFileReference; lastKnownFileType = sourcecode.swift; path = LibraryViewController.swift; sourceTree = "<group>"; };
		64CB288125768A9A00FE48B3 /* Snackbar.swift */ = {isa = PBXFileReference; lastKnownFileType = sourcecode.swift; path = Snackbar.swift; sourceTree = "<group>"; };
		64D0CFEC25728D2A00A89B0A /* FollowingViewController.swift */ = {isa = PBXFileReference; lastKnownFileType = sourcecode.swift; path = FollowingViewController.swift; sourceTree = "<group>"; };
		64D72BB9258C952A00F5C4E3 /* RewardVerified.swift */ = {isa = PBXFileReference; lastKnownFileType = sourcecode.swift; path = RewardVerified.swift; sourceTree = "<group>"; };
		64D72BC2258CDEC400F5C4E3 /* Reward.swift */ = {isa = PBXFileReference; lastKnownFileType = sourcecode.swift; path = Reward.swift; sourceTree = "<group>"; };
		64FBE79925502A290082AF2E /* Odysee.app */ = {isa = PBXFileReference; explicitFileType = wrapper.application; includeInIndex = 0; path = Odysee.app; sourceTree = BUILT_PRODUCTS_DIR; };
		64FBE79C25502A290082AF2E /* AppDelegate.swift */ = {isa = PBXFileReference; lastKnownFileType = sourcecode.swift; path = AppDelegate.swift; sourceTree = "<group>"; };
		64FBE79E25502A290082AF2E /* SceneDelegate.swift */ = {isa = PBXFileReference; lastKnownFileType = sourcecode.swift; path = SceneDelegate.swift; sourceTree = "<group>"; };
		64FBE7A025502A290082AF2E /* HomeViewController.swift */ = {isa = PBXFileReference; lastKnownFileType = sourcecode.swift; path = HomeViewController.swift; sourceTree = "<group>"; };
		64FBE7A325502A290082AF2E /* Base */ = {isa = PBXFileReference; lastKnownFileType = file.storyboard; name = Base; path = Base.lproj/Main.storyboard; sourceTree = "<group>"; };
		64FBE7A825502A2C0082AF2E /* Assets.xcassets */ = {isa = PBXFileReference; lastKnownFileType = folder.assetcatalog; path = Assets.xcassets; sourceTree = "<group>"; };
		64FBE7AB25502A2C0082AF2E /* Base */ = {isa = PBXFileReference; lastKnownFileType = file.storyboard; name = Base; path = Base.lproj/LaunchScreen.storyboard; sourceTree = "<group>"; };
		64FBE7AD25502A2C0082AF2E /* Info.plist */ = {isa = PBXFileReference; lastKnownFileType = text.plist.xml; path = Info.plist; sourceTree = "<group>"; };
		64FBE7B225502A2D0082AF2E /* OdyseeTests.xctest */ = {isa = PBXFileReference; explicitFileType = wrapper.cfbundle; includeInIndex = 0; path = OdyseeTests.xctest; sourceTree = BUILT_PRODUCTS_DIR; };
		64FBE7B825502A2D0082AF2E /* Info.plist */ = {isa = PBXFileReference; lastKnownFileType = text.plist.xml; path = Info.plist; sourceTree = "<group>"; };
		64FBE7BD25502A2D0082AF2E /* OdyseeUITests.xctest */ = {isa = PBXFileReference; explicitFileType = wrapper.cfbundle; includeInIndex = 0; path = OdyseeUITests.xctest; sourceTree = BUILT_PRODUCTS_DIR; };
		64FBE7C125502A2D0082AF2E /* OdyseeUITests.swift */ = {isa = PBXFileReference; lastKnownFileType = sourcecode.swift; path = OdyseeUITests.swift; sourceTree = "<group>"; };
		64FBE7C325502A2D0082AF2E /* Info.plist */ = {isa = PBXFileReference; lastKnownFileType = text.plist.xml; path = Info.plist; sourceTree = "<group>"; };
		64FF81FF2604748E009B7A3B /* FirstRunViewController.swift */ = {isa = PBXFileReference; lastKnownFileType = sourcecode.swift; path = FirstRunViewController.swift; sourceTree = "<group>"; };
		64FF820E2604FB0B009B7A3B /* FirstRunDelegate.swift */ = {isa = PBXFileReference; lastKnownFileType = sourcecode.swift; path = FirstRunDelegate.swift; sourceTree = "<group>"; };
		64FF8219260507D2009B7A3B /* CreateChannelViewController.swift */ = {isa = PBXFileReference; fileEncoding = 4; lastKnownFileType = sourcecode.swift; path = CreateChannelViewController.swift; sourceTree = "<group>"; };
		B63C54A6260C990C00DD26A9 /* AuthenticationServices.framework */ = {isa = PBXFileReference; lastKnownFileType = wrapper.framework; name = AuthenticationServices.framework; path = System/Library/Frameworks/AuthenticationServices.framework; sourceTree = SDKROOT; };
		CC004D592662868300514FDF /* ClaimTableViewCell.xib */ = {isa = PBXFileReference; lastKnownFileType = file.xib; path = ClaimTableViewCell.xib; sourceTree = "<group>"; };
		CC015765267A9C1100F96EFE /* ImageURLs.swift */ = {isa = PBXFileReference; lastKnownFileType = sourcecode.swift; path = ImageURLs.swift; sourceTree = "<group>"; };
		CC015767267C1A0B00F96EFE /* ResolveResult.swift */ = {isa = PBXFileReference; lastKnownFileType = sourcecode.swift; path = ResolveResult.swift; sourceTree = "<group>"; };
		CC0B2B0C266D0E72002490BB /* Lock.swift */ = {isa = PBXFileReference; lastKnownFileType = sourcecode.swift; path = Lock.swift; sourceTree = "<group>"; };
		CC3A1E7726853D7E00683E28 /* BackendAPIParams.swift */ = {isa = PBXFileReference; lastKnownFileType = sourcecode.swift; path = BackendAPIParams.swift; sourceTree = "<group>"; };
		CC48F4FB2662B2020018D958 /* VideoPickerController.swift */ = {isa = PBXFileReference; lastKnownFileType = sourcecode.swift; path = VideoPickerController.swift; sourceTree = "<group>"; };
		CC49954426692037001BB2DC /* ImagePrefetchController.swift */ = {isa = PBXFileReference; lastKnownFileType = sourcecode.swift; path = ImagePrefetchController.swift; sourceTree = "<group>"; };
		CC80EC0E2672A80700CA07DA /* Page.swift */ = {isa = PBXFileReference; lastKnownFileType = sourcecode.swift; path = Page.swift; sourceTree = "<group>"; };
		CC97807826549867009F580E /* Log.swift */ = {isa = PBXFileReference; lastKnownFileType = sourcecode.swift; path = Log.swift; sourceTree = "<group>"; };
		CCDDA9162655C1340006035F /* FileDismissAnimationController.swift */ = {isa = PBXFileReference; fileEncoding = 4; lastKnownFileType = sourcecode.swift; path = FileDismissAnimationController.swift; sourceTree = "<group>"; };
		CCDDA920265852910006035F /* Multistream.swift */ = {isa = PBXFileReference; fileEncoding = 4; lastKnownFileType = sourcecode.swift; path = Multistream.swift; sourceTree = "<group>"; };
		CCDDA9222658529C0006035F /* MultistreamTests.swift */ = {isa = PBXFileReference; fileEncoding = 4; lastKnownFileType = sourcecode.swift; path = MultistreamTests.swift; sourceTree = "<group>"; };
/* End PBXFileReference section */

/* Begin PBXFrameworksBuildPhase section */
		64FBE79625502A290082AF2E /* Frameworks */ = {
			isa = PBXFrameworksBuildPhase;
			buildActionMask = 2147483647;
			files = (
				5390C80D2ECE13A3005A104B /* ActionSheetPicker-3.0 in Frameworks */,
				CCFB0B4F26653E0900696E0C /* OrderedCollections in Frameworks */,
				6459121D2620745D00B2ABA5 /* Starscream in Frameworks */,
				B63C54A7260C990C00DD26A9 /* AuthenticationServices.framework in Frameworks */,
				6453358B257FDC6800C49BD1 /* FirebaseMessaging in Frameworks */,
				64019A0E269C101D00E16A51 /* ImageScrollView in Frameworks */,
				539D798C2F3E389400E7686E /* CachedAsyncImage in Frameworks */,
				64533589257FDC6800C49BD1 /* FirebaseAnalytics in Frameworks */,
				64A26CE526974B7A00AE19DE /* PerfectMarkdown in Frameworks */,
				6411C0B0255B35260018C3D5 /* Base58Swift in Frameworks */,
				53F64E382ECCEC2A001A7D8F /* FirebaseCrashlytics in Frameworks */,
				648F70D226307BC700885A2F /* HaishinKit in Frameworks */,
				5391E43D2EFED725008EF30A /* ValueCodable in Frameworks */,
				CCDDA929265861AF0006035F /* PINRemoteImage in Frameworks */,
				53D4CFAA2F2B357C00F395A3 /* AsyncExtensions in Frameworks */,
			);
			runOnlyForDeploymentPostprocessing = 0;
		};
		64FBE7AF25502A2D0082AF2E /* Frameworks */ = {
			isa = PBXFrameworksBuildPhase;
			buildActionMask = 2147483647;
			files = (
			);
			runOnlyForDeploymentPostprocessing = 0;
		};
		64FBE7BA25502A2D0082AF2E /* Frameworks */ = {
			isa = PBXFrameworksBuildPhase;
			buildActionMask = 2147483647;
			files = (
			);
			runOnlyForDeploymentPostprocessing = 0;
		};
/* End PBXFrameworksBuildPhase section */

/* Begin PBXGroup section */
		534CCCA32F3C5E7300457BBF /* Screens */ = {
			isa = PBXGroup;
			children = (
				533562912ECEBF9E0024ECC9 /* RewardVerificationScreen.swift */,
				53C01F542F28CFFC008ED3F8 /* SignInUpScreen.swift */,
				539D79882F3E386000E7686E /* ManageFollowingScreen.swift */,
			);
			path = Screens;
			sourceTree = "<group>";
		};
		5391E4342EFE36C4008EF30A /* ViewModels */ = {
			isa = PBXGroup;
			children = (
				5391E4332EFE36C4008EF30A /* Wallet.swift */,
				53D4CFAB2F2C5A9000F395A3 /* SignInUpViewModel.swift */,
				539D798D2F3EBDCE00E7686E /* ManageFollowingViewModel.swift */,
			);
			path = ViewModels;
			sourceTree = "<group>";
		};
		539D798F2F3ECE5000E7686E /* Components */ = {
			isa = PBXGroup;
			children = (
				539D79922F3ECE7300E7686E /* ChannelListItem.swift */,
			);
			path = Components;
			sourceTree = "<group>";
		};
		6411C0A0255B31C00018C3D5 /* Frameworks */ = {
			isa = PBXGroup;
			children = (
				B63C54A6260C990C00DD26A9 /* AuthenticationServices.framework */,
			);
			name = Frameworks;
			sourceTree = "<group>";
		};
		6413273C2556E83C00CBB6B8 /* Models */ = {
			isa = PBXGroup;
			children = (
				648F31F72573F75600E2CA51 /* Lbryinc */,
				6413273D2556E86000CBB6B8 /* Claim.swift */,
				642B6B0B257AB9F200F17355 /* WalletBalance.swift */,
				642B6B10257B4CBC00F17355 /* Transaction.swift */,
				530525AA28125CCE00D92A2E /* Txo.swift */,
				646E4A5E259CF13A0008C9C8 /* Comment.swift */,
				CC015767267C1A0B00F96EFE /* ResolveResult.swift */,
				CC3A1E7726853D7E00683E28 /* BackendAPIParams.swift */,
				53D59FF92EF3AAEA0081D800 /* BackendAPIResult.swift */,
				534B71A1287BE08D00F01D42 /* CommentsAPIParams.swift */,
				53593F30287E5D75007FD08E /* CommentsAPIResult.swift */,
				538C274E2EFB8BE900305361 /* AccountAPIParams.swift */,
				538C274C2EFB8BC200305361 /* AccountAPIResult.swift */,
				641E7EC02608BE0C00A79CD3 /* Language.swift */,
				CC80EC0E2672A80700CA07DA /* Page.swift */,
				641E7EC52608BE5700A79CD3 /* License.swift */,
				641B3E2627E0EFCC0089E816 /* CustomBlockRule.swift */,
				6402A30227E14C8800113E26 /* OdyseeLocale.swift */,
				534B71A3287BE0F200F01D42 /* ChannelSignResult.swift */,
				538C27552EFB8DA300305361 /* AuthToken.swift */,
				5391E4392EFE6C88008EF30A /* SharedPreference.swift */,
			);
			path = Models;
			sourceTree = "<group>";
		};
		641327422556EB1000CBB6B8 /* Utils */ = {
			isa = PBXGroup;
			children = (
				641327432556EB2200CBB6B8 /* LbryUri.swift */,
				641327482556EB3400CBB6B8 /* Lbry.swift */,
				CC97807826549867009F580E /* Log.swift */,
				6413274D2557D89200CBB6B8 /* Extensions.swift */,
				64424DD9255895A500F2D247 /* ContentSources.swift */,
				CC015765267A9C1100F96EFE /* ImageURLs.swift */,
				641108DB255A8D7D00F0FB8A /* Lbryio.swift */,
				CC0B2B0C266D0E72002490BB /* Lock.swift */,
				641108F0255AF6CD00F0FB8A /* Helper.swift */,
				64A6CA75255DB5B200294E74 /* Lighthouse.swift */,
				CCDDA920265852910006035F /* Multistream.swift */,
				641E7EB82608BDB100A79CD3 /* Predefined.swift */,
				649F023B2717F918009A5698 /* Constants.swift */,
				53AED4F22812A8750088A1BA /* OdyseeLivestream.swift */,
				5385091F28E13D28009A7AAB /* MembershipPerk.swift */,
				53D59FFB2EF3AE530081D800 /* Methods.swift */,
				53D59FFD2EF3B3150081D800 /* QueryItemsCoder.swift */,
			);
			path = Utils;
			sourceTree = "<group>";
		};
		6462DABB255D3CE0001CF1E8 /* UI */ = {
			isa = PBXGroup;
			children = (
				539D798F2F3ECE5000E7686E /* Components */,
				534CCCA32F3C5E7300457BBF /* Screens */,
				64CB288025768A8A00FE48B3 /* ThirdParty */,
				64424DCE25588D0C00F2D247 /* ClaimTableViewCell.swift */,
				6462DABC255D3CFE001CF1E8 /* UICardView.swift */,
				648F31FB2575122500E2CA51 /* SuggestedChannelCollectionViewCell.swift */,
				647408502577FA30008007C6 /* ChannelCollectionViewCell.swift */,
				642B6B15257B528300F17355 /* TransactionTableViewCell.swift */,
				646E54DC257DCD6100BEBFBE /* UIPaddedLabel.swift */,
				64666AF52587290200DF4608 /* ChannelListTableViewCell.swift */,
				640BEF332587DB5D0019B840 /* NotificationTableViewCell.swift */,
				643382A2258DB119004B562B /* RewardTableViewCell.swift */,
				646E4A63259CF5380008C9C8 /* CommentTableViewCell.swift */,
				641AFAE825B606E000218BD9 /* UAButton.swift */,
				647EB3F125F54EB1003AA76B /* UIStackCardView.swift */,
				645912212620789E00B2ABA5 /* ChatMessageTableViewCell.swift */,
				53BC58FD2818E3D90017F9D2 /* LivestreamCollectionViewCell.swift */,
			);
			path = UI;
			sourceTree = "<group>";
		};
		64666B072587379500DF4608 /* Channel */ = {
			isa = PBXGroup;
			children = (
				646E54D7257D40DC00BEBFBE /* ChannelViewController.swift */,
				64666AFA25872BE000DF4608 /* ChannelManagerViewController.swift */,
				64666B022587378400DF4608 /* ChannelEditorViewController.swift */,
			);
			path = Channel;
			sourceTree = "<group>";
		};
		64666B08258737A200DF4608 /* Content */ = {
			isa = PBXGroup;
			children = (
				641682D725ACBA7800BCDC3A /* CommentsViewController.swift */,
				CCDDA9162655C1340006035F /* FileDismissAnimationController.swift */,
				644F76AD25592F8400813451 /* FileViewController.swift */,
				64D0CFEC25728D2A00A89B0A /* FollowingViewController.swift */,
				64FBE7A025502A290082AF2E /* HomeViewController.swift */,
				64A6CA70255DADFB00294E74 /* SearchViewController.swift */,
				646E54E9257E565000BEBFBE /* SupportViewController.swift */,
			);
			path = Content;
			sourceTree = "<group>";
		};
		64666B09258737BD00DF4608 /* Wallet */ = {
			isa = PBXGroup;
			children = (
				642B6B01257A3A8500F17355 /* WalletSyncViewController.swift */,
				642B6AFC257A382900F17355 /* WalletViewController.swift */,
				646D563E2584FAD4002DB12F /* RewardsViewController.swift */,
				642B6B1A257B698C00F17355 /* TransactionsViewController.swift */,
			);
			path = Wallet;
			sourceTree = "<group>";
		};
		64666B0A258737CC00DF4608 /* User */ = {
			isa = PBXGroup;
			children = (
				648F320B2575D52500E2CA51 /* UserAccountViewController.swift */,
				641614D1258077EF003A2194 /* UserAccountMenuViewController.swift */,
				6484E1AC2582238900221658 /* NotificationsViewController.swift */,
				6451659525DEA8B2009FAC39 /* YouTubeSyncViewController.swift */,
				64A8B65025E671AC00F06D74 /* YouTubeSyncStatusViewController.swift */,
			);
			path = User;
			sourceTree = "<group>";
		};
		646F1F7425F0D65000F75F3B /* Library */ = {
			isa = PBXGroup;
			children = (
				646F1F7525F0D67A00F75F3B /* PublishesViewController.swift */,
				646F1F7D25F0D6BE00F75F3B /* PublishViewController.swift */,
				64BAFBB12609ED5900BD4B9A /* LibraryViewController.swift */,
				648F70D626307BF900885A2F /* GoLiveViewController.swift */,
			);
			path = Library;
			sourceTree = "<group>";
		};
		648F31F72573F75600E2CA51 /* Lbryinc */ = {
			isa = PBXGroup;
			children = (
				641108EB255AA4CF00F0FB8A /* User.swift */,
				642B6B06257A635300F17355 /* WalletSync.swift */,
				640BEF2E2587A8FA0019B840 /* LbryNotification.swift */,
				64D72BB9258C952A00F5C4E3 /* RewardVerified.swift */,
				64D72BC2258CDEC400F5C4E3 /* Reward.swift */,
			);
			path = Lbryinc;
			sourceTree = "<group>";
		};
		64A6CA6F255DADB400294E74 /* Controllers */ = {
			isa = PBXGroup;
			children = (
				64FF81FE26047465009B7A3B /* FirstRun */,
				646F1F7425F0D65000F75F3B /* Library */,
				64666B0A258737CC00DF4608 /* User */,
				64666B09258737BD00DF4608 /* Wallet */,
				64666B08258737A200DF4608 /* Content */,
				64666B072587379500DF4608 /* Channel */,
				641108E6255AA2BC00F0FB8A /* InitViewController.swift */,
				6411C0B4255B94DA0018C3D5 /* MainViewController.swift */,
				64A6CA7A255DD34700294E74 /* AppTabBarController.swift */,
				CC48F4FB2662B2020018D958 /* VideoPickerController.swift */,
				CC49954426692037001BB2DC /* ImagePrefetchController.swift */,
			);
			path = Controllers;
			sourceTree = "<group>";
		};
		64CB288025768A8A00FE48B3 /* ThirdParty */ = {
			isa = PBXGroup;
			children = (
				64CB288125768A9A00FE48B3 /* Snackbar.swift */,
			);
			path = ThirdParty;
			sourceTree = "<group>";
		};
		64FBE79025502A290082AF2E = {
			isa = PBXGroup;
			children = (
				649EA90526528D8D00F45129 /* launch_screen.png */,
				64FBE79B25502A290082AF2E /* Odysee */,
				64FBE7B525502A2D0082AF2E /* OdyseeTests */,
				64FBE7C025502A2D0082AF2E /* OdyseeUITests */,
				64FBE79A25502A290082AF2E /* Products */,
				6411C0A0255B31C00018C3D5 /* Frameworks */,
			);
			sourceTree = "<group>";
		};
		64FBE79A25502A290082AF2E /* Products */ = {
			isa = PBXGroup;
			children = (
				64FBE79925502A290082AF2E /* Odysee.app */,
				64FBE7B225502A2D0082AF2E /* OdyseeTests.xctest */,
				64FBE7BD25502A2D0082AF2E /* OdyseeUITests.xctest */,
			);
			name = Products;
			sourceTree = "<group>";
		};
		64FBE79B25502A290082AF2E /* Odysee */ = {
			isa = PBXGroup;
			children = (
				6484E1B12582269100221658 /* Odysee.entitlements */,
				641615042581267B003A2194 /* GoogleService-Info.plist */,
				64A6CA6F255DADB400294E74 /* Controllers */,
				6462DABB255D3CE0001CF1E8 /* UI */,
				641327422556EB1000CBB6B8 /* Utils */,
				6413273C2556E83C00CBB6B8 /* Models */,
				5391E4342EFE36C4008EF30A /* ViewModels */,
				64FBE79C25502A290082AF2E /* AppDelegate.swift */,
				64FBE79E25502A290082AF2E /* SceneDelegate.swift */,
				CC004D592662868300514FDF /* ClaimTableViewCell.xib */,
				53BC58FB2818DF530017F9D2 /* LivestreamCollectionViewCell.xib */,
				64FBE7A225502A290082AF2E /* Main.storyboard */,
				64FBE7A825502A2C0082AF2E /* Assets.xcassets */,
				538C8CC52ED74B8C00E20949 /* AppIcon.icon */,
				64FBE7AA25502A2C0082AF2E /* LaunchScreen.storyboard */,
				64FBE7AD25502A2C0082AF2E /* Info.plist */,
				532650E3286EAB1B00F0FF0B /* Settings.bundle */,
				53FAD3FB288504C60000F980 /* Localizable.strings */,
			);
			path = Odysee;
			sourceTree = "<group>";
		};
		64FBE7B525502A2D0082AF2E /* OdyseeTests */ = {
			isa = PBXGroup;
			children = (
				CCDDA9222658529C0006035F /* MultistreamTests.swift */,
				536E27C22EB1B55700A02197 /* LbryUriTest.swift */,
				53D59FFF2EF3BB580081D800 /* QueryItemsCoderTest.swift */,
				64FBE7B825502A2D0082AF2E /* Info.plist */,
			);
			path = OdyseeTests;
			sourceTree = "<group>";
		};
		64FBE7C025502A2D0082AF2E /* OdyseeUITests */ = {
			isa = PBXGroup;
			children = (
				64FBE7C125502A2D0082AF2E /* OdyseeUITests.swift */,
				64FBE7C325502A2D0082AF2E /* Info.plist */,
			);
			path = OdyseeUITests;
			sourceTree = "<group>";
		};
		64FF81FE26047465009B7A3B /* FirstRun */ = {
			isa = PBXGroup;
			children = (
				64FF8219260507D2009B7A3B /* CreateChannelViewController.swift */,
				64FF81FF2604748E009B7A3B /* FirstRunViewController.swift */,
				64FF820E2604FB0B009B7A3B /* FirstRunDelegate.swift */,
			);
			path = FirstRun;
			sourceTree = "<group>";
		};
/* End PBXGroup section */

/* Begin PBXNativeTarget section */
		64FBE79825502A290082AF2E /* Odysee */ = {
			isa = PBXNativeTarget;
			buildConfigurationList = 64FBE7C625502A2D0082AF2E /* Build configuration list for PBXNativeTarget "Odysee" */;
			buildPhases = (
				64FBE79525502A290082AF2E /* Sources */,
				64FBE79625502A290082AF2E /* Frameworks */,
				64FBE79725502A290082AF2E /* Resources */,
				53F64E362ECCE809001A7D8F /* ShellScript */,
			);
			buildRules = (
			);
			dependencies = (
			);
			name = Odysee;
			packageProductDependencies = (
				6411C0AF255B35260018C3D5 /* Base58Swift */,
				64533588257FDC6800C49BD1 /* FirebaseAnalytics */,
				6453358A257FDC6800C49BD1 /* FirebaseMessaging */,
				6459121C2620745D00B2ABA5 /* Starscream */,
				648F70D126307BC700885A2F /* HaishinKit */,
				CCDDA928265861AF0006035F /* PINRemoteImage */,
				CCFB0B4E26653E0900696E0C /* OrderedCollections */,
				64A26CE426974B7A00AE19DE /* PerfectMarkdown */,
				64019A0D269C101D00E16A51 /* ImageScrollView */,
				53F64E372ECCEC2A001A7D8F /* FirebaseCrashlytics */,
				5390C80C2ECE13A3005A104B /* ActionSheetPicker-3.0 */,
				5391E43C2EFED725008EF30A /* ValueCodable */,
				53D4CFA92F2B357C00F395A3 /* AsyncExtensions */,
				539D798B2F3E389400E7686E /* CachedAsyncImage */,
			);
			productName = Odysee;
			productReference = 64FBE79925502A290082AF2E /* Odysee.app */;
			productType = "com.apple.product-type.application";
		};
		64FBE7B125502A2D0082AF2E /* OdyseeTests */ = {
			isa = PBXNativeTarget;
			buildConfigurationList = 64FBE7C925502A2D0082AF2E /* Build configuration list for PBXNativeTarget "OdyseeTests" */;
			buildPhases = (
				64FBE7AE25502A2D0082AF2E /* Sources */,
				64FBE7AF25502A2D0082AF2E /* Frameworks */,
				64FBE7B025502A2D0082AF2E /* Resources */,
			);
			buildRules = (
			);
			dependencies = (
				64FBE7B425502A2D0082AF2E /* PBXTargetDependency */,
			);
			name = OdyseeTests;
			productName = OdyseeTests;
			productReference = 64FBE7B225502A2D0082AF2E /* OdyseeTests.xctest */;
			productType = "com.apple.product-type.bundle.unit-test";
		};
		64FBE7BC25502A2D0082AF2E /* OdyseeUITests */ = {
			isa = PBXNativeTarget;
			buildConfigurationList = 64FBE7CC25502A2D0082AF2E /* Build configuration list for PBXNativeTarget "OdyseeUITests" */;
			buildPhases = (
				64FBE7B925502A2D0082AF2E /* Sources */,
				64FBE7BA25502A2D0082AF2E /* Frameworks */,
				64FBE7BB25502A2D0082AF2E /* Resources */,
			);
			buildRules = (
			);
			dependencies = (
				64FBE7BF25502A2D0082AF2E /* PBXTargetDependency */,
			);
			name = OdyseeUITests;
			productName = OdyseeUITests;
			productReference = 64FBE7BD25502A2D0082AF2E /* OdyseeUITests.xctest */;
			productType = "com.apple.product-type.bundle.ui-testing";
		};
/* End PBXNativeTarget section */

/* Begin PBXProject section */
		64FBE79125502A290082AF2E /* Project object */ = {
			isa = PBXProject;
			attributes = {
				LastSwiftUpdateCheck = 1210;
				LastUpgradeCheck = 1210;
				TargetAttributes = {
					64FBE79825502A290082AF2E = {
						CreatedOnToolsVersion = 12.1;
					};
					64FBE7B125502A2D0082AF2E = {
						CreatedOnToolsVersion = 12.1;
						TestTargetID = 64FBE79825502A290082AF2E;
					};
					64FBE7BC25502A2D0082AF2E = {
						CreatedOnToolsVersion = 12.1;
						TestTargetID = 64FBE79825502A290082AF2E;
					};
				};
			};
			buildConfigurationList = 64FBE79425502A290082AF2E /* Build configuration list for PBXProject "Odysee" */;
			compatibilityVersion = "Xcode 9.3";
			developmentRegion = en;
			hasScannedForEncodings = 0;
			knownRegions = (
				en,
				Base,
				"pt-BR",
				fr,
				"zh-Hans",
				"zh-Hant",
				"zh-HK",
				"ru-RU",
				es,
			);
			mainGroup = 64FBE79025502A290082AF2E;
			packageReferences = (
				6411C0AE255B35260018C3D5 /* XCRemoteSwiftPackageReference "Base58Swift" */,
				64533587257FDC6800C49BD1 /* XCRemoteSwiftPackageReference "firebase-ios-sdk" */,
				6459121B2620745C00B2ABA5 /* XCRemoteSwiftPackageReference "Starscream" */,
				648F70D026307BC700885A2F /* XCRemoteSwiftPackageReference "HaishinKit" */,
				CCDDA927265861AF0006035F /* XCRemoteSwiftPackageReference "PINRemoteImage" */,
				CCFB0B4D26653E0800696E0C /* XCRemoteSwiftPackageReference "swift-collections" */,
				64A26CE326974B7900AE19DE /* XCRemoteSwiftPackageReference "Perfect-Markdown" */,
				64019A0C269C101C00E16A51 /* XCRemoteSwiftPackageReference "ImageScrollView" */,
				5390C80B2ECE13A3005A104B /* XCRemoteSwiftPackageReference "ActionSheetPicker-3" */,
				5391E43B2EFED725008EF30A /* XCRemoteSwiftPackageReference "ValueCodable" */,
				53D4CFA82F2B357C00F395A3 /* XCRemoteSwiftPackageReference "AsyncExtensions" */,
				539D798A2F3E389400E7686E /* XCRemoteSwiftPackageReference "swiftui-cached-async-image" */,
			);
			productRefGroup = 64FBE79A25502A290082AF2E /* Products */;
			projectDirPath = "";
			projectRoot = "";
			targets = (
				64FBE79825502A290082AF2E /* Odysee */,
				64FBE7B125502A2D0082AF2E /* OdyseeTests */,
				64FBE7BC25502A2D0082AF2E /* OdyseeUITests */,
			);
		};
/* End PBXProject section */

/* Begin PBXResourcesBuildPhase section */
		64FBE79725502A290082AF2E /* Resources */ = {
			isa = PBXResourcesBuildPhase;
			buildActionMask = 2147483647;
			files = (
				53BC58FC2818DF530017F9D2 /* LivestreamCollectionViewCell.xib in Resources */,
				649EA90626528D8D00F45129 /* launch_screen.png in Resources */,
				64FBE7AC25502A2C0082AF2E /* LaunchScreen.storyboard in Resources */,
				641615052581267B003A2194 /* GoogleService-Info.plist in Resources */,
				538C8CC62ED74B8C00E20949 /* AppIcon.icon in Resources */,
				53FAD3FD288504C60000F980 /* Localizable.strings in Resources */,
				64FBE7A925502A2C0082AF2E /* Assets.xcassets in Resources */,
				64FBE7A425502A290082AF2E /* Main.storyboard in Resources */,
				532650E4286EAB1B00F0FF0B /* Settings.bundle in Resources */,
				CC004D5A2662868300514FDF /* ClaimTableViewCell.xib in Resources */,
			);
			runOnlyForDeploymentPostprocessing = 0;
		};
		64FBE7B025502A2D0082AF2E /* Resources */ = {
			isa = PBXResourcesBuildPhase;
			buildActionMask = 2147483647;
			files = (
			);
			runOnlyForDeploymentPostprocessing = 0;
		};
		64FBE7BB25502A2D0082AF2E /* Resources */ = {
			isa = PBXResourcesBuildPhase;
			buildActionMask = 2147483647;
			files = (
			);
			runOnlyForDeploymentPostprocessing = 0;
		};
/* End PBXResourcesBuildPhase section */

/* Begin PBXShellScriptBuildPhase section */
		53F64E362ECCE809001A7D8F /* ShellScript */ = {
			isa = PBXShellScriptBuildPhase;
			alwaysOutOfDate = 1;
			buildActionMask = 12;
			files = (
			);
			inputFileListPaths = (
			);
			inputPaths = (
				"${DWARF_DSYM_FOLDER_PATH}/${DWARF_DSYM_FILE_NAME}",
				"${DWARF_DSYM_FOLDER_PATH}/${DWARF_DSYM_FILE_NAME}/Contents/Resources/DWARF/${PRODUCT_NAME}",
				"${DWARF_DSYM_FOLDER_PATH}/${DWARF_DSYM_FILE_NAME}/Contents/Info.plist",
				"$(TARGET_BUILD_DIR)/$(UNLOCALIZED_RESOURCES_FOLDER_PATH)/GoogleService-Info.plist",
				"$(TARGET_BUILD_DIR)/$(EXECUTABLE_PATH)",
				"${DWARF_DSYM_FOLDER_PATH}/${DWARF_DSYM_FILE_NAME}/Contents/Resources/DWARF/${PRODUCT_NAME}.debug.dylib",
			);
			outputFileListPaths = (
			);
			outputPaths = (
			);
			runOnlyForDeploymentPostprocessing = 0;
			shellPath = /bin/sh;
			shellScript = "\"${BUILD_DIR%/Build/*}/SourcePackages/checkouts/firebase-ios-sdk/Crashlytics/run\" --debug\n";
		};
/* End PBXShellScriptBuildPhase section */

/* Begin PBXSourcesBuildPhase section */
		64FBE79525502A290082AF2E /* Sources */ = {
			isa = PBXSourcesBuildPhase;
			buildActionMask = 2147483647;
			files = (
				64424DCF25588D0D00F2D247 /* ClaimTableViewCell.swift in Sources */,
				538C27562EFB8DA300305361 /* AuthToken.swift in Sources */,
				642B6B16257B528300F17355 /* TransactionTableViewCell.swift in Sources */,
				6484E1AD2582238900221658 /* NotificationsViewController.swift in Sources */,
				641614D2258077EF003A2194 /* UserAccountMenuViewController.swift in Sources */,
				646D563F2584FAD4002DB12F /* RewardsViewController.swift in Sources */,
				641327492556EB3400CBB6B8 /* Lbry.swift in Sources */,
				6451659625DEA8B2009FAC39 /* YouTubeSyncViewController.swift in Sources */,
				534B71A4287BE0F200F01D42 /* ChannelSignResult.swift in Sources */,
				646E54DD257DCD6100BEBFBE /* UIPaddedLabel.swift in Sources */,
				645912222620789E00B2ABA5 /* ChatMessageTableViewCell.swift in Sources */,
				CC015768267C1A0B00F96EFE /* ResolveResult.swift in Sources */,
				64D72BBA258C952A00F5C4E3 /* RewardVerified.swift in Sources */,
				530525AB28125CCE00D92A2E /* Txo.swift in Sources */,
				64BAFBB22609ED5900BD4B9A /* LibraryViewController.swift in Sources */,
				641327442556EB2200CBB6B8 /* LbryUri.swift in Sources */,
				64A6CA71255DADFB00294E74 /* SearchViewController.swift in Sources */,
				646F1F7E25F0D6BE00F75F3B /* PublishViewController.swift in Sources */,
				647EB3F225F54EB1003AA76B /* UIStackCardView.swift in Sources */,
				641E7EB92608BDB100A79CD3 /* Predefined.swift in Sources */,
				64FF820F2604FB0B009B7A3B /* FirstRunDelegate.swift in Sources */,
				648F320C2575D52500E2CA51 /* UserAccountViewController.swift in Sources */,
				CCDDA9172655C1340006035F /* FileDismissAnimationController.swift in Sources */,
				64FF821A260507D2009B7A3B /* CreateChannelViewController.swift in Sources */,
				648F70D726307BF900885A2F /* GoLiveViewController.swift in Sources */,
				CC0B2B0D266D0E72002490BB /* Lock.swift in Sources */,
				6413274E2557D89200CBB6B8 /* Extensions.swift in Sources */,
				64FBE7A125502A290082AF2E /* HomeViewController.swift in Sources */,
				53C01F552F28CFFC008ED3F8 /* SignInUpScreen.swift in Sources */,
				533562922ECEBF9E0024ECC9 /* RewardVerificationScreen.swift in Sources */,
				648F31FC2575122500E2CA51 /* SuggestedChannelCollectionViewCell.swift in Sources */,
				539D79932F3ECE7300E7686E /* ChannelListItem.swift in Sources */,
				539D798E2F3EBDCE00E7686E /* ManageFollowingViewModel.swift in Sources */,
				6462DABD255D3CFE001CF1E8 /* UICardView.swift in Sources */,
				641108DC255A8D7D00F0FB8A /* Lbryio.swift in Sources */,
				64FF82002604748E009B7A3B /* FirstRunViewController.swift in Sources */,
				64CB288225768A9A00FE48B3 /* Snackbar.swift in Sources */,
				64A6CA7B255DD34700294E74 /* AppTabBarController.swift in Sources */,
				CC49954526692037001BB2DC /* ImagePrefetchController.swift in Sources */,
				642B6B1B257B698C00F17355 /* TransactionsViewController.swift in Sources */,
				646F1F7625F0D67A00F75F3B /* PublishesViewController.swift in Sources */,
				6411C0B5255B94DA0018C3D5 /* MainViewController.swift in Sources */,
				642B6B02257A3A8500F17355 /* WalletSyncViewController.swift in Sources */,
				CC80EC0F2672A80700CA07DA /* Page.swift in Sources */,
				64666B032587378400DF4608 /* ChannelEditorViewController.swift in Sources */,
				538C274F2EFB8BE900305361 /* AccountAPIParams.swift in Sources */,
				649F023C2717F918009A5698 /* Constants.swift in Sources */,
				641B3E2727E0EFCC0089E816 /* CustomBlockRule.swift in Sources */,
				642B6B07257A635300F17355 /* WalletSync.swift in Sources */,
				646E4A5F259CF13A0008C9C8 /* Comment.swift in Sources */,
				642B6AFD257A382900F17355 /* WalletViewController.swift in Sources */,
				641108F1255AF6CE00F0FB8A /* Helper.swift in Sources */,
				641E7EC62608BE5800A79CD3 /* License.swift in Sources */,
				53D59FFE2EF3B3150081D800 /* QueryItemsCoder.swift in Sources */,
				CC48F4FC2662B2020018D958 /* VideoPickerController.swift in Sources */,
				539D79892F3E386000E7686E /* ManageFollowingScreen.swift in Sources */,
				646E4A64259CF5380008C9C8 /* CommentTableViewCell.swift in Sources */,
				53BC58FE2818E3D90017F9D2 /* LivestreamCollectionViewCell.swift in Sources */,
				64A6CA76255DB5B200294E74 /* Lighthouse.swift in Sources */,
				5391E43A2EFE6C88008EF30A /* SharedPreference.swift in Sources */,
				64424DDA255895A500F2D247 /* ContentSources.swift in Sources */,
				643382A3258DB119004B562B /* RewardTableViewCell.swift in Sources */,
				641108EC255AA4CF00F0FB8A /* User.swift in Sources */,
				64A8B65125E671AC00F06D74 /* YouTubeSyncStatusViewController.swift in Sources */,
				53D4CFAC2F2C5A9000F395A3 /* SignInUpViewModel.swift in Sources */,
				CCDDA921265852920006035F /* Multistream.swift in Sources */,
				642B6B11257B4CBC00F17355 /* Transaction.swift in Sources */,
				647408512577FA30008007C6 /* ChannelCollectionViewCell.swift in Sources */,
				534B71A2287BE08D00F01D42 /* CommentsAPIParams.swift in Sources */,
				641108E7255AA2BC00F0FB8A /* InitViewController.swift in Sources */,
				64666AFB25872BE000DF4608 /* ChannelManagerViewController.swift in Sources */,
				53AED4F32812A8750088A1BA /* OdyseeLivestream.swift in Sources */,
				64666AF62587290200DF4608 /* ChannelListTableViewCell.swift in Sources */,
				6402A30327E14C8800113E26 /* OdyseeLocale.swift in Sources */,
				640BEF2F2587A8FA0019B840 /* LbryNotification.swift in Sources */,
				64D0CFED25728D2A00A89B0A /* FollowingViewController.swift in Sources */,
				CC015766267A9C1100F96EFE /* ImageURLs.swift in Sources */,
				641682D825ACBA7800BCDC3A /* CommentsViewController.swift in Sources */,
				5391E4362EFE36C4008EF30A /* Wallet.swift in Sources */,
				64D72BC3258CDEC400F5C4E3 /* Reward.swift in Sources */,
				640BEF342587DB5D0019B840 /* NotificationTableViewCell.swift in Sources */,
				CC3A1E7826853D7E00683E28 /* BackendAPIParams.swift in Sources */,
				641AFAE925B606E000218BD9 /* UAButton.swift in Sources */,
				641E7EC12608BE0C00A79CD3 /* Language.swift in Sources */,
				644F76AE25592F8400813451 /* FileViewController.swift in Sources */,
				CC97807926549867009F580E /* Log.swift in Sources */,
				53D59FFC2EF3AE530081D800 /* Methods.swift in Sources */,
				64FBE79D25502A290082AF2E /* AppDelegate.swift in Sources */,
				53D59FFA2EF3AAEA0081D800 /* BackendAPIResult.swift in Sources */,
				5385092028E13D28009A7AAB /* MembershipPerk.swift in Sources */,
				53593F31287E5D75007FD08E /* CommentsAPIResult.swift in Sources */,
				538C274D2EFB8BC200305361 /* AccountAPIResult.swift in Sources */,
				6413273E2556E86000CBB6B8 /* Claim.swift in Sources */,
				642B6B0C257AB9F200F17355 /* WalletBalance.swift in Sources */,
				646E54EA257E565000BEBFBE /* SupportViewController.swift in Sources */,
				646E54D8257D40DC00BEBFBE /* ChannelViewController.swift in Sources */,
				64FBE79F25502A290082AF2E /* SceneDelegate.swift in Sources */,
			);
			runOnlyForDeploymentPostprocessing = 0;
		};
		64FBE7AE25502A2D0082AF2E /* Sources */ = {
			isa = PBXSourcesBuildPhase;
			buildActionMask = 2147483647;
			files = (
				53D5A0002EF3BB580081D800 /* QueryItemsCoderTest.swift in Sources */,
				536E27C32EB1B55700A02197 /* LbryUriTest.swift in Sources */,
				CCDDA9232658529C0006035F /* MultistreamTests.swift in Sources */,
			);
			runOnlyForDeploymentPostprocessing = 0;
		};
		64FBE7B925502A2D0082AF2E /* Sources */ = {
			isa = PBXSourcesBuildPhase;
			buildActionMask = 2147483647;
			files = (
				64FBE7C225502A2D0082AF2E /* OdyseeUITests.swift in Sources */,
			);
			runOnlyForDeploymentPostprocessing = 0;
		};
/* End PBXSourcesBuildPhase section */

/* Begin PBXTargetDependency section */
		64FBE7B425502A2D0082AF2E /* PBXTargetDependency */ = {
			isa = PBXTargetDependency;
			target = 64FBE79825502A290082AF2E /* Odysee */;
			targetProxy = 64FBE7B325502A2D0082AF2E /* PBXContainerItemProxy */;
		};
		64FBE7BF25502A2D0082AF2E /* PBXTargetDependency */ = {
			isa = PBXTargetDependency;
			target = 64FBE79825502A290082AF2E /* Odysee */;
			targetProxy = 64FBE7BE25502A2D0082AF2E /* PBXContainerItemProxy */;
		};
/* End PBXTargetDependency section */

/* Begin PBXVariantGroup section */
		53FAD3FB288504C60000F980 /* Localizable.strings */ = {
			isa = PBXVariantGroup;
			children = (
				53FAD3FC288504C60000F980 /* Base */,
			);
			name = Localizable.strings;
			sourceTree = "<group>";
		};
		64FBE7A225502A290082AF2E /* Main.storyboard */ = {
			isa = PBXVariantGroup;
			children = (
				64FBE7A325502A290082AF2E /* Base */,
				641F07DC26A83D4E008CD7C5 /* pt-BR */,
				641F07DE26A83DA6008CD7C5 /* fr */,
				641F07E026A83E01008CD7C5 /* fr */,
				641F07E226A83E49008CD7C5 /* zh-Hans */,
				641F07E426A83E9C008CD7C5 /* zh-Hant */,
				641F07E626A83EE6008CD7C5 /* zh-HK */,
				641F07EB26A83F93008CD7C5 /* ru-RU */,
				641F07ED26A83F9B008CD7C5 /* es */,
			);
			name = Main.storyboard;
			sourceTree = "<group>";
		};
		64FBE7AA25502A2C0082AF2E /* LaunchScreen.storyboard */ = {
			isa = PBXVariantGroup;
			children = (
				64FBE7AB25502A2C0082AF2E /* Base */,
				641F07DD26A83D4E008CD7C5 /* pt-BR */,
				641F07DF26A83DA9008CD7C5 /* fr */,
				641F07E126A83E03008CD7C5 /* fr */,
				641F07E326A83E49008CD7C5 /* zh-Hans */,
				641F07E526A83E9C008CD7C5 /* zh-Hant */,
				641F07E726A83EE6008CD7C5 /* zh-HK */,
				641F07EC26A83F94008CD7C5 /* ru-RU */,
				641F07EE26A83FC9008CD7C5 /* es */,
			);
			name = LaunchScreen.storyboard;
			sourceTree = "<group>";
		};
/* End PBXVariantGroup section */

/* Begin XCBuildConfiguration section */
		64FBE7C425502A2D0082AF2E /* Debug */ = {
			isa = XCBuildConfiguration;
			buildSettings = {
				ALWAYS_SEARCH_USER_PATHS = NO;
				ASSETCATALOG_COMPILER_GLOBAL_ACCENT_COLOR_NAME = AccentColor;
				CLANG_ANALYZER_LOCALIZABILITY_NONLOCALIZED = YES;
				CLANG_ANALYZER_NONNULL = YES;
				CLANG_ANALYZER_NUMBER_OBJECT_CONVERSION = YES_AGGRESSIVE;
				CLANG_CXX_LANGUAGE_STANDARD = "gnu++14";
				CLANG_CXX_LIBRARY = "libc++";
				CLANG_ENABLE_MODULES = YES;
				CLANG_ENABLE_OBJC_ARC = YES;
				CLANG_ENABLE_OBJC_WEAK = YES;
				CLANG_WARN_BLOCK_CAPTURE_AUTORELEASING = YES;
				CLANG_WARN_BOOL_CONVERSION = YES;
				CLANG_WARN_COMMA = YES;
				CLANG_WARN_CONSTANT_CONVERSION = YES;
				CLANG_WARN_DEPRECATED_OBJC_IMPLEMENTATIONS = YES;
				CLANG_WARN_DIRECT_OBJC_ISA_USAGE = YES_ERROR;
				CLANG_WARN_DOCUMENTATION_COMMENTS = YES;
				CLANG_WARN_EMPTY_BODY = YES;
				CLANG_WARN_ENUM_CONVERSION = YES;
				CLANG_WARN_INFINITE_RECURSION = YES;
				CLANG_WARN_INT_CONVERSION = YES;
				CLANG_WARN_NON_LITERAL_NULL_CONVERSION = YES;
				CLANG_WARN_OBJC_IMPLICIT_RETAIN_SELF = YES;
				CLANG_WARN_OBJC_LITERAL_CONVERSION = YES;
				CLANG_WARN_OBJC_ROOT_CLASS = YES_ERROR;
				CLANG_WARN_QUOTED_INCLUDE_IN_FRAMEWORK_HEADER = YES;
				CLANG_WARN_RANGE_LOOP_ANALYSIS = YES;
				CLANG_WARN_STRICT_PROTOTYPES = YES;
				CLANG_WARN_SUSPICIOUS_MOVE = YES;
				CLANG_WARN_UNGUARDED_AVAILABILITY = YES_AGGRESSIVE;
				CLANG_WARN_UNREACHABLE_CODE = YES;
				CLANG_WARN__DUPLICATE_METHOD_MATCH = YES;
				COPY_PHASE_STRIP = NO;
				DEBUG_INFORMATION_FORMAT = dwarf;
				ENABLE_STRICT_OBJC_MSGSEND = YES;
				ENABLE_TESTABILITY = YES;
				GCC_C_LANGUAGE_STANDARD = gnu11;
				GCC_DYNAMIC_NO_PIC = NO;
				GCC_NO_COMMON_BLOCKS = YES;
				GCC_OPTIMIZATION_LEVEL = 0;
				GCC_PREPROCESSOR_DEFINITIONS = (
					"DEBUG=1",
					"$(inherited)",
				);
				GCC_WARN_64_TO_32_BIT_CONVERSION = YES;
				GCC_WARN_ABOUT_RETURN_TYPE = YES_ERROR;
				GCC_WARN_UNDECLARED_SELECTOR = YES;
				GCC_WARN_UNINITIALIZED_AUTOS = YES_AGGRESSIVE;
				GCC_WARN_UNUSED_FUNCTION = YES;
				GCC_WARN_UNUSED_VARIABLE = YES;
				IPHONEOS_DEPLOYMENT_TARGET = 13.0;
				MTL_ENABLE_DEBUG_INFO = INCLUDE_SOURCE;
				MTL_FAST_MATH = YES;
				ONLY_ACTIVE_ARCH = YES;
				OTHER_CODE_SIGN_FLAGS = "--generate-entitlement-der";
				OTHER_LDFLAGS = "-ObjC";
				SDKROOT = iphoneos;
				SWIFT_ACTIVE_COMPILATION_CONDITIONS = DEBUG;
				SWIFT_OPTIMIZATION_LEVEL = "-Onone";
				SWIFT_VERSION = 6.0;
			};
			name = Debug;
		};
		64FBE7C525502A2D0082AF2E /* Release */ = {
			isa = XCBuildConfiguration;
			buildSettings = {
				ALWAYS_SEARCH_USER_PATHS = NO;
				ASSETCATALOG_COMPILER_GLOBAL_ACCENT_COLOR_NAME = AccentColor;
				CLANG_ANALYZER_LOCALIZABILITY_NONLOCALIZED = YES;
				CLANG_ANALYZER_NONNULL = YES;
				CLANG_ANALYZER_NUMBER_OBJECT_CONVERSION = YES_AGGRESSIVE;
				CLANG_CXX_LANGUAGE_STANDARD = "gnu++14";
				CLANG_CXX_LIBRARY = "libc++";
				CLANG_ENABLE_MODULES = YES;
				CLANG_ENABLE_OBJC_ARC = YES;
				CLANG_ENABLE_OBJC_WEAK = YES;
				CLANG_WARN_BLOCK_CAPTURE_AUTORELEASING = YES;
				CLANG_WARN_BOOL_CONVERSION = YES;
				CLANG_WARN_COMMA = YES;
				CLANG_WARN_CONSTANT_CONVERSION = YES;
				CLANG_WARN_DEPRECATED_OBJC_IMPLEMENTATIONS = YES;
				CLANG_WARN_DIRECT_OBJC_ISA_USAGE = YES_ERROR;
				CLANG_WARN_DOCUMENTATION_COMMENTS = YES;
				CLANG_WARN_EMPTY_BODY = YES;
				CLANG_WARN_ENUM_CONVERSION = YES;
				CLANG_WARN_INFINITE_RECURSION = YES;
				CLANG_WARN_INT_CONVERSION = YES;
				CLANG_WARN_NON_LITERAL_NULL_CONVERSION = YES;
				CLANG_WARN_OBJC_IMPLICIT_RETAIN_SELF = YES;
				CLANG_WARN_OBJC_LITERAL_CONVERSION = YES;
				CLANG_WARN_OBJC_ROOT_CLASS = YES_ERROR;
				CLANG_WARN_QUOTED_INCLUDE_IN_FRAMEWORK_HEADER = YES;
				CLANG_WARN_RANGE_LOOP_ANALYSIS = YES;
				CLANG_WARN_STRICT_PROTOTYPES = YES;
				CLANG_WARN_SUSPICIOUS_MOVE = YES;
				CLANG_WARN_UNGUARDED_AVAILABILITY = YES_AGGRESSIVE;
				CLANG_WARN_UNREACHABLE_CODE = YES;
				CLANG_WARN__DUPLICATE_METHOD_MATCH = YES;
				COPY_PHASE_STRIP = NO;
				DEBUG_INFORMATION_FORMAT = "dwarf-with-dsym";
				ENABLE_NS_ASSERTIONS = NO;
				ENABLE_STRICT_OBJC_MSGSEND = YES;
				GCC_C_LANGUAGE_STANDARD = gnu11;
				GCC_NO_COMMON_BLOCKS = YES;
				GCC_WARN_64_TO_32_BIT_CONVERSION = YES;
				GCC_WARN_ABOUT_RETURN_TYPE = YES_ERROR;
				GCC_WARN_UNDECLARED_SELECTOR = YES;
				GCC_WARN_UNINITIALIZED_AUTOS = YES_AGGRESSIVE;
				GCC_WARN_UNUSED_FUNCTION = YES;
				GCC_WARN_UNUSED_VARIABLE = YES;
				IPHONEOS_DEPLOYMENT_TARGET = 13.0;
				MTL_ENABLE_DEBUG_INFO = NO;
				MTL_FAST_MATH = YES;
				OTHER_CODE_SIGN_FLAGS = "--generate-entitlement-der";
				OTHER_LDFLAGS = "-ObjC";
				SDKROOT = iphoneos;
				SWIFT_COMPILATION_MODE = wholemodule;
				SWIFT_OPTIMIZATION_LEVEL = "-O";
				SWIFT_VERSION = 6.0;
				VALIDATE_PRODUCT = YES;
			};
			name = Release;
		};
		64FBE7C725502A2D0082AF2E /* Debug */ = {
			isa = XCBuildConfiguration;
			buildSettings = {
				ALWAYS_EMBED_SWIFT_STANDARD_LIBRARIES = YES;
				ASSETCATALOG_COMPILER_APPICON_NAME = AppIcon;
				ASSETCATALOG_COMPILER_GLOBAL_ACCENT_COLOR_NAME = AccentColor;
				ASSETCATALOG_COMPILER_INCLUDE_ALL_APPICON_ASSETS = YES;
				CODE_SIGN_ENTITLEMENTS = Odysee/Odysee.entitlements;
				CODE_SIGN_STYLE = Automatic;
				DEBUG_INFORMATION_FORMAT = "dwarf-with-dsym";
				DEVELOPMENT_TEAM = 7G9P9AM955;
				INFOPLIST_FILE = Odysee/Info.plist;
				IPHONEOS_DEPLOYMENT_TARGET = 15.0;
				LD_RUNPATH_SEARCH_PATHS = (
					"$(inherited)",
					"@executable_path/Frameworks",
				);
				PRODUCT_BUNDLE_IDENTIFIER = com.odysee.Odysee;
				PRODUCT_NAME = "$(TARGET_NAME)";
				SWIFT_VERSION = 5.0;
				TARGETED_DEVICE_FAMILY = "1,2";
			};
			name = Debug;
		};
		64FBE7C825502A2D0082AF2E /* Release */ = {
			isa = XCBuildConfiguration;
			buildSettings = {
				ALWAYS_EMBED_SWIFT_STANDARD_LIBRARIES = YES;
				ASSETCATALOG_COMPILER_APPICON_NAME = AppIcon;
				ASSETCATALOG_COMPILER_GLOBAL_ACCENT_COLOR_NAME = AccentColor;
				ASSETCATALOG_COMPILER_INCLUDE_ALL_APPICON_ASSETS = YES;
				CODE_SIGN_ENTITLEMENTS = Odysee/Odysee.entitlements;
				CODE_SIGN_STYLE = Automatic;
				DEVELOPMENT_TEAM = 7G9P9AM955;
				INFOPLIST_FILE = Odysee/Info.plist;
				IPHONEOS_DEPLOYMENT_TARGET = 15.0;
				LD_RUNPATH_SEARCH_PATHS = (
					"$(inherited)",
					"@executable_path/Frameworks",
				);
				PRODUCT_BUNDLE_IDENTIFIER = com.odysee.Odysee;
				PRODUCT_NAME = "$(TARGET_NAME)";
				SWIFT_VERSION = 5.0;
				TARGETED_DEVICE_FAMILY = "1,2";
			};
			name = Release;
		};
		64FBE7CA25502A2D0082AF2E /* Debug */ = {
			isa = XCBuildConfiguration;
			buildSettings = {
				ALWAYS_EMBED_SWIFT_STANDARD_LIBRARIES = YES;
				BUNDLE_LOADER = "$(TEST_HOST)";
				CODE_SIGN_STYLE = Automatic;
				INFOPLIST_FILE = OdyseeTests/Info.plist;
				IPHONEOS_DEPLOYMENT_TARGET = 15.0;
				LD_RUNPATH_SEARCH_PATHS = (
					"$(inherited)",
					"@executable_path/Frameworks",
					"@loader_path/Frameworks",
				);
				PRODUCT_BUNDLE_IDENTIFIER = com.lbry.OdyseeTests;
				PRODUCT_NAME = "$(TARGET_NAME)";
				SWIFT_VERSION = 5.0;
				TARGETED_DEVICE_FAMILY = "1,2";
				TEST_HOST = "$(BUILT_PRODUCTS_DIR)/Odysee.app/Odysee";
			};
			name = Debug;
		};
		64FBE7CB25502A2D0082AF2E /* Release */ = {
			isa = XCBuildConfiguration;
			buildSettings = {
				ALWAYS_EMBED_SWIFT_STANDARD_LIBRARIES = YES;
				BUNDLE_LOADER = "$(TEST_HOST)";
				CODE_SIGN_STYLE = Automatic;
				INFOPLIST_FILE = OdyseeTests/Info.plist;
				IPHONEOS_DEPLOYMENT_TARGET = 15.0;
				LD_RUNPATH_SEARCH_PATHS = (
					"$(inherited)",
					"@executable_path/Frameworks",
					"@loader_path/Frameworks",
				);
				PRODUCT_BUNDLE_IDENTIFIER = com.lbry.OdyseeTests;
				PRODUCT_NAME = "$(TARGET_NAME)";
				SWIFT_VERSION = 5.0;
				TARGETED_DEVICE_FAMILY = "1,2";
				TEST_HOST = "$(BUILT_PRODUCTS_DIR)/Odysee.app/Odysee";
			};
			name = Release;
		};
		64FBE7CD25502A2D0082AF2E /* Debug */ = {
			isa = XCBuildConfiguration;
			buildSettings = {
				ALWAYS_EMBED_SWIFT_STANDARD_LIBRARIES = YES;
				CODE_SIGN_STYLE = Automatic;
				INFOPLIST_FILE = OdyseeUITests/Info.plist;
				IPHONEOS_DEPLOYMENT_TARGET = 15.0;
				LD_RUNPATH_SEARCH_PATHS = (
					"$(inherited)",
					"@executable_path/Frameworks",
					"@loader_path/Frameworks",
				);
				PRODUCT_BUNDLE_IDENTIFIER = com.lbry.OdyseeUITests;
				PRODUCT_NAME = "$(TARGET_NAME)";
				PROVISIONING_PROFILE = "";
				SWIFT_VERSION = 5.0;
				TARGETED_DEVICE_FAMILY = "1,2";
				TEST_TARGET_NAME = Odysee;
			};
			name = Debug;
		};
		64FBE7CE25502A2D0082AF2E /* Release */ = {
			isa = XCBuildConfiguration;
			buildSettings = {
				ALWAYS_EMBED_SWIFT_STANDARD_LIBRARIES = YES;
				CODE_SIGN_STYLE = Automatic;
				INFOPLIST_FILE = OdyseeUITests/Info.plist;
				IPHONEOS_DEPLOYMENT_TARGET = 15.0;
				LD_RUNPATH_SEARCH_PATHS = (
					"$(inherited)",
					"@executable_path/Frameworks",
					"@loader_path/Frameworks",
				);
				PRODUCT_BUNDLE_IDENTIFIER = com.lbry.OdyseeUITests;
				PRODUCT_NAME = "$(TARGET_NAME)";
				PROVISIONING_PROFILE = "";
				SWIFT_VERSION = 5.0;
				TARGETED_DEVICE_FAMILY = "1,2";
				TEST_TARGET_NAME = Odysee;
			};
			name = Release;
		};
/* End XCBuildConfiguration section */

/* Begin XCConfigurationList section */
		64FBE79425502A290082AF2E /* Build configuration list for PBXProject "Odysee" */ = {
			isa = XCConfigurationList;
			buildConfigurations = (
				64FBE7C425502A2D0082AF2E /* Debug */,
				64FBE7C525502A2D0082AF2E /* Release */,
			);
			defaultConfigurationIsVisible = 0;
			defaultConfigurationName = Release;
		};
		64FBE7C625502A2D0082AF2E /* Build configuration list for PBXNativeTarget "Odysee" */ = {
			isa = XCConfigurationList;
			buildConfigurations = (
				64FBE7C725502A2D0082AF2E /* Debug */,
				64FBE7C825502A2D0082AF2E /* Release */,
			);
			defaultConfigurationIsVisible = 0;
			defaultConfigurationName = Release;
		};
		64FBE7C925502A2D0082AF2E /* Build configuration list for PBXNativeTarget "OdyseeTests" */ = {
			isa = XCConfigurationList;
			buildConfigurations = (
				64FBE7CA25502A2D0082AF2E /* Debug */,
				64FBE7CB25502A2D0082AF2E /* Release */,
			);
			defaultConfigurationIsVisible = 0;
			defaultConfigurationName = Release;
		};
		64FBE7CC25502A2D0082AF2E /* Build configuration list for PBXNativeTarget "OdyseeUITests" */ = {
			isa = XCConfigurationList;
			buildConfigurations = (
				64FBE7CD25502A2D0082AF2E /* Debug */,
				64FBE7CE25502A2D0082AF2E /* Release */,
			);
			defaultConfigurationIsVisible = 0;
			defaultConfigurationName = Release;
		};
/* End XCConfigurationList section */

/* Begin XCRemoteSwiftPackageReference section */
		5390C80B2ECE13A3005A104B /* XCRemoteSwiftPackageReference "ActionSheetPicker-3" */ = {
			isa = XCRemoteSwiftPackageReference;
			repositoryURL = "https://github.com/OdyseeTeam/ActionSheetPicker-3.0";
			requirement = {
				branch = "ios-26";
				kind = branch;
			};
		};
		5391E43B2EFED725008EF30A /* XCRemoteSwiftPackageReference "ValueCodable" */ = {
			isa = XCRemoteSwiftPackageReference;
			repositoryURL = "https://github.com/finestructure/ValueCodable";
			requirement = {
				kind = upToNextMajorVersion;
				minimumVersion = 0.2.0;
			};
		};
		539D798A2F3E389400E7686E /* XCRemoteSwiftPackageReference "swiftui-cached-async-image" */ = {
			isa = XCRemoteSwiftPackageReference;
			repositoryURL = "https://github.com/lorenzofiamingo/swiftui-cached-async-image";
			requirement = {
				kind = upToNextMajorVersion;
				minimumVersion = 2.1.1;
			};
		};
		53D4CFA82F2B357C00F395A3 /* XCRemoteSwiftPackageReference "AsyncExtensions" */ = {
			isa = XCRemoteSwiftPackageReference;
			repositoryURL = "https://github.com/sideeffect-io/AsyncExtensions";
			requirement = {
				kind = upToNextMajorVersion;
				minimumVersion = 0.5.5;
			};
		};
		64019A0C269C101C00E16A51 /* XCRemoteSwiftPackageReference "ImageScrollView" */ = {
			isa = XCRemoteSwiftPackageReference;
			repositoryURL = "https://github.com/huynguyencong/ImageScrollView.git";
			requirement = {
				kind = upToNextMajorVersion;
				minimumVersion = 1.9.3;
			};
		};
		6411C0AE255B35260018C3D5 /* XCRemoteSwiftPackageReference "Base58Swift" */ = {
			isa = XCRemoteSwiftPackageReference;
			repositoryURL = "https://github.com/keefertaylor/Base58Swift.git";
			requirement = {
				kind = upToNextMajorVersion;
				minimumVersion = 2.1.14;
			};
		};
		64533587257FDC6800C49BD1 /* XCRemoteSwiftPackageReference "firebase-ios-sdk" */ = {
			isa = XCRemoteSwiftPackageReference;
			repositoryURL = "https://github.com/firebase/firebase-ios-sdk.git";
			requirement = {
				kind = upToNextMajorVersion;
				minimumVersion = 12.6.0;
			};
		};
		6459121B2620745C00B2ABA5 /* XCRemoteSwiftPackageReference "Starscream" */ = {
			isa = XCRemoteSwiftPackageReference;
			repositoryURL = "https://github.com/daltoniam/Starscream.git";
			requirement = {
				kind = upToNextMajorVersion;
				minimumVersion = 4.0.4;
			};
		};
		648F70D026307BC700885A2F /* XCRemoteSwiftPackageReference "HaishinKit" */ = {
			isa = XCRemoteSwiftPackageReference;
			repositoryURL = "https://github.com/shogo4405/HaishinKit.swift";
			requirement = {
				kind = upToNextMajorVersion;
				minimumVersion = 1.1.4;
			};
		};
		64A26CE326974B7900AE19DE /* XCRemoteSwiftPackageReference "Perfect-Markdown" */ = {
			isa = XCRemoteSwiftPackageReference;
			repositoryURL = "https://github.com/OdyseeTeam/Perfect-Markdown.git";
			requirement = {
				kind = revision;
				revision = ffb3a6a159dedaf93be1d71f30805c46feb6939b;
			};
		};
		CCDDA927265861AF0006035F /* XCRemoteSwiftPackageReference "PINRemoteImage" */ = {
			isa = XCRemoteSwiftPackageReference;
			repositoryURL = "https://github.com/pinterest/PINRemoteImage";
			requirement = {
				kind = revision;
				revision = 019b71b3fc2835a59b2f6ecaa9033841867813a8;
			};
		};
		CCFB0B4D26653E0800696E0C /* XCRemoteSwiftPackageReference "swift-collections" */ = {
			isa = XCRemoteSwiftPackageReference;
			repositoryURL = "https://github.com/apple/swift-collections";
			requirement = {
				kind = upToNextMajorVersion;
				minimumVersion = 1.3.0;
			};
		};
/* End XCRemoteSwiftPackageReference section */

/* Begin XCSwiftPackageProductDependency section */
		5390C80C2ECE13A3005A104B /* ActionSheetPicker-3.0 */ = {
			isa = XCSwiftPackageProductDependency;
			package = 5390C80B2ECE13A3005A104B /* XCRemoteSwiftPackageReference "ActionSheetPicker-3" */;
			productName = "ActionSheetPicker-3.0";
		};
		5391E43C2EFED725008EF30A /* ValueCodable */ = {
			isa = XCSwiftPackageProductDependency;
			package = 5391E43B2EFED725008EF30A /* XCRemoteSwiftPackageReference "ValueCodable" */;
			productName = ValueCodable;
		};
		539D798B2F3E389400E7686E /* CachedAsyncImage */ = {
			isa = XCSwiftPackageProductDependency;
			package = 539D798A2F3E389400E7686E /* XCRemoteSwiftPackageReference "swiftui-cached-async-image" */;
			productName = CachedAsyncImage;
		};
		53D4CFA92F2B357C00F395A3 /* AsyncExtensions */ = {
			isa = XCSwiftPackageProductDependency;
			package = 53D4CFA82F2B357C00F395A3 /* XCRemoteSwiftPackageReference "AsyncExtensions" */;
			productName = AsyncExtensions;
		};
		53F64E372ECCEC2A001A7D8F /* FirebaseCrashlytics */ = {
			isa = XCSwiftPackageProductDependency;
			package = 64533587257FDC6800C49BD1 /* XCRemoteSwiftPackageReference "firebase-ios-sdk" */;
			productName = FirebaseCrashlytics;
		};
		64019A0D269C101D00E16A51 /* ImageScrollView */ = {
			isa = XCSwiftPackageProductDependency;
			package = 64019A0C269C101C00E16A51 /* XCRemoteSwiftPackageReference "ImageScrollView" */;
			productName = ImageScrollView;
		};
		6411C0AF255B35260018C3D5 /* Base58Swift */ = {
			isa = XCSwiftPackageProductDependency;
			package = 6411C0AE255B35260018C3D5 /* XCRemoteSwiftPackageReference "Base58Swift" */;
			productName = Base58Swift;
		};
		64533588257FDC6800C49BD1 /* FirebaseAnalytics */ = {
			isa = XCSwiftPackageProductDependency;
			package = 64533587257FDC6800C49BD1 /* XCRemoteSwiftPackageReference "firebase-ios-sdk" */;
			productName = FirebaseAnalytics;
		};
		6453358A257FDC6800C49BD1 /* FirebaseMessaging */ = {
			isa = XCSwiftPackageProductDependency;
			package = 64533587257FDC6800C49BD1 /* XCRemoteSwiftPackageReference "firebase-ios-sdk" */;
			productName = FirebaseMessaging;
		};
		6459121C2620745D00B2ABA5 /* Starscream */ = {
			isa = XCSwiftPackageProductDependency;
			package = 6459121B2620745C00B2ABA5 /* XCRemoteSwiftPackageReference "Starscream" */;
			productName = Starscream;
		};
		648F70D126307BC700885A2F /* HaishinKit */ = {
			isa = XCSwiftPackageProductDependency;
			package = 648F70D026307BC700885A2F /* XCRemoteSwiftPackageReference "HaishinKit" */;
			productName = HaishinKit;
		};
		64A26CE426974B7A00AE19DE /* PerfectMarkdown */ = {
			isa = XCSwiftPackageProductDependency;
			package = 64A26CE326974B7900AE19DE /* XCRemoteSwiftPackageReference "Perfect-Markdown" */;
			productName = PerfectMarkdown;
		};
		CCDDA928265861AF0006035F /* PINRemoteImage */ = {
			isa = XCSwiftPackageProductDependency;
			package = CCDDA927265861AF0006035F /* XCRemoteSwiftPackageReference "PINRemoteImage" */;
			productName = PINRemoteImage;
		};
		CCFB0B4E26653E0900696E0C /* OrderedCollections */ = {
			isa = XCSwiftPackageProductDependency;
			package = CCFB0B4D26653E0800696E0C /* XCRemoteSwiftPackageReference "swift-collections" */;
			productName = OrderedCollections;
		};
/* End XCSwiftPackageProductDependency section */
	};
	rootObject = 64FBE79125502A290082AF2E /* Project object */;
}
