{
  "originHash" : "9129e90667bce77aaaf6b797327ff6d0dd60687d0e75429ddbf26c91c9735186",
  "pins" : [
    {
      "identity" : "abseil-cpp-swiftpm",
      "kind" : "remoteSourceControl",
      "location" : "https://github.com/firebase/abseil-cpp-SwiftPM.git",
      "state" : {
        "revision" : "fffc3c2729be5747390ad02d5100291a0d9ad26a",
        "version" : "0.20200225.4"
      }
    },
    {
      "identity" : "base58swift",
      "kind" : "remoteSourceControl",
      "location" : "https://github.com/keefertaylor/Base58Swift.git",
      "state" : {
        "revision" : "1c13ea6b07f1584660526f8bde3d4cc150e91acd",
        "version" : "2.1.14"
      }
    },
    {
      "identity" : "bigint",
      "kind" : "remoteSourceControl",
      "location" : "https://github.com/attaswift/BigInt.git",
      "state" : {
        "revision" : "e1f28276687d7661cbb2754771bd9fc281784e32",
        "version" : "5.2.0"
      }
    },
    {
      "identity" : "boringssl-swiftpm",
      "kind" : "remoteSourceControl",
      "location" : "https://github.com/firebase/boringssl-SwiftPM.git",
      "state" : {
        "revision" : "734a8247442fde37df4364c21f6a0085b6a36728",
        "version" : "0.7.2"
      }
    },
    {
      "identity" : "brightfutures",
      "kind" : "remoteSourceControl",
      "location" : "https://github.com/Thomvis/BrightFutures.git",
      "state" : {
        "revision" : "9279defa6bdc21501ce740266e5a14d0119ddc63",
        "version" : "8.0.1"
      }
    },
    {
      "identity" : "erik",
      "kind" : "remoteSourceControl",
      "location" : "https://github.com/phimage/Erik.git",
      "state" : {
        "revision" : "109a130e9cdb00789a43a7a625293eeb12d22989",
        "version" : "5.1.0"
      }
    },
    {
      "identity" : "filekit",
      "kind" : "remoteSourceControl",
      "location" : "https://github.com/nvzqz/FileKit.git",
      "state" : {
        "revision" : "826d9161b184509f80d85c28cd612d630646de98",
        "version" : "6.0.0"
      }
    },
    {
      "identity" : "firebase-ios-sdk",
      "kind" : "remoteSourceControl",
      "location" : "https://github.com/firebase/firebase-ios-sdk.git",
      "state" : {
        "revision" : "b97bfcd2e5eecc7aa7e1aeb27d097d610876cf93",
        "version" : "7.11.1"
      }
    },
    {
      "identity" : "googleappmeasurement",
      "kind" : "remoteSourceControl",
      "location" : "https://github.com/google/GoogleAppMeasurement.git",
      "state" : {
        "revision" : "22cb3ab5588200b210ae01e42665f52ac4e8ad28",
        "version" : "7.11.1"
      }
    },
    {
      "identity" : "googledatatransport",
      "kind" : "remoteSourceControl",
      "location" : "https://github.com/google/GoogleDataTransport.git",
      "state" : {
        "revision" : "369716b8d7518a530ce3c3a251436d72546debd8",
        "version" : "8.4.0"
      }
    },
    {
      "identity" : "googleutilities",
      "kind" : "remoteSourceControl",
      "location" : "https://github.com/google/GoogleUtilities.git",
      "state" : {
        "revision" : "616fac2626b6b2d1424d79a6f786b4e2ed1cfb49",
        "version" : "7.5.2"
      }
    },
    {
      "identity" : "grpc-swiftpm",
      "kind" : "remoteSourceControl",
      "location" : "https://github.com/firebase/grpc-SwiftPM.git",
      "state" : {
        "revision" : "fb405dd2c7901485f7e158b24e3a0a47e4efd8b5",
        "version" : "1.28.4"
      }
    },
    {
      "identity" : "gtm-session-fetcher",
      "kind" : "remoteSourceControl",
      "location" : "https://github.com/google/gtm-session-fetcher.git",
      "state" : {
        "revision" : "91ed3d188eb95705fef3c249453b81f32dc557d1",
        "version" : "1.5.0"
      }
    },
    {
      "identity" : "haishinkit.swift",
      "kind" : "remoteSourceControl",
      "location" : "https://github.com/shogo4405/HaishinKit.swift",
      "state" : {
        "revision" : "2a49a2ed6edbe80f9ef462b14f5b75187ff01b0d",
        "version" : "1.1.4"
      }
    },
    {
      "identity" : "imagescrollview",
      "kind" : "remoteSourceControl",
      "location" : "https://github.com/huynguyencong/ImageScrollView.git",
      "state" : {
        "revision" : "1cf139aec5b838d3b383058e20cdbd80d20142f5",
        "version" : "1.9.3"
      }
    },
    {
      "identity" : "kanna",
      "kind" : "remoteSourceControl",
      "location" : "https://github.com/tid-kijyun/Kanna.git",
      "state" : {
        "revision" : "4a80ebe93b6966d5083394fcaaaff57a2fcec935",
        "version" : "5.2.3"
      }
    },
    {
      "identity" : "leveldb",
      "kind" : "remoteSourceControl",
      "location" : "https://github.com/firebase/leveldb.git",
      "state" : {
        "revision" : "0706abcc6b0bd9cedfbb015ba840e4a780b5159b",
        "version" : "1.22.2"
      }
    },
    {
      "identity" : "libwebp-xcode",
      "kind" : "remoteSourceControl",
      "location" : "https://github.com/SDWebImage/libwebp-Xcode",
      "state" : {
        "revision" : "289862b9466243cdec407997d4cb8ba529359a99",
        "version" : "1.2.0"
      }
    },
    {
      "identity" : "logboard",
      "kind" : "remoteSourceControl",
      "location" : "https://github.com/shogo4405/Logboard.git",
      "state" : {
        "revision" : "8cc7656b07e4d327fae42e1320e2e48b8868e3f6",
        "version" : "2.2.2"
      }
    },
    {
      "identity" : "nanopb",
      "kind" : "remoteSourceControl",
      "location" : "https://github.com/firebase/nanopb.git",
      "state" : {
        "revision" : "7ee9ef9f627d85cbe1b8c4f49a3ed26eed216c77",
        "version" : "2.30908.0"
      }
    },
    {
      "identity" : "oauthswift",
      "kind" : "remoteSourceControl",
      "location" : "https://github.com/OAuthSwift/OAuthSwift.git",
      "state" : {
        "revision" : "fde77955e6983fbfaabd491709d52b8a82fda4d0",
        "version" : "2.1.2"
      }
    },
    {
      "identity" : "perfect-markdown",
      "kind" : "remoteSourceControl",
      "location" : "https://github.com/OdyseeTeam/Perfect-Markdown.git",
      "state" : {
        "revision" : "ffb3a6a159dedaf93be1d71f30805c46feb6939b"
      }
    },
    {
      "identity" : "pincache",
      "kind" : "remoteSourceControl",
      "location" : "https://github.com/pinterest/PINCache.git",
      "state" : {
        "revision" : "875c654984fb52b47ca65ae70d24852b0003ccd9",
        "version" : "3.0.3"
      }
    },
    {
      "identity" : "pinoperation",
      "kind" : "remoteSourceControl",
      "location" : "https://github.com/pinterest/PINOperation.git",
      "state" : {
        "revision" : "44d8ca154a4e75a028a5548c31ff3a53b90cef15",
        "version" : "1.2.1"
      }
    },
    {
      "identity" : "pinremoteimage",
      "kind" : "remoteSourceControl",
      "location" : "https://github.com/pinterest/PINRemoteImage",
      "state" : {
        "revision" : "019b71b3fc2835a59b2f6ecaa9033841867813a8"
      }
    },
    {
      "identity" : "promises",
      "kind" : "remoteSourceControl",
      "location" : "https://github.com/google/promises.git",
      "state" : {
        "revision" : "d8accebc8fa32f57196df191e733f946e955c549",
        "version" : "1.2.11"
      }
    },
    {
      "identity" : "starscream",
      "kind" : "remoteSourceControl",
      "location" : "https://github.com/daltoniam/Starscream.git",
      "state" : {
        "revision" : "df8d82047f6654d8e4b655d1b1525c64e1059d21",
        "version" : "4.0.4"
      }
    },
    {
      "identity" : "swift-collections",
      "kind" : "remoteSourceControl",
      "location" : "https://github.com/apple/swift-collections",
      "state" : {
        "revision" : "d45e63421d3dff834949ac69d3c37691e994bd69",
        "version" : "0.0.3"
      }
    },
    {
      "identity" : "swift-protobuf",
      "kind" : "remoteSourceControl",
      "location" : "https://github.com/apple/swift-protobuf.git",
      "state" : {
        "revision" : "1f62db409f2c9b0223a3f68567b4a01333aae778",
        "version" : "1.17.0"
      }
    },
    {
      "identity" : "swifter",
      "kind" : "remoteSourceControl",
      "location" : "https://github.com/httpswift/swifter.git",
      "state" : {
        "revision" : "9483a5d459b45c3ffd059f7b55f9638e268632fd",
        "version" : "1.5.0"
      }
    }
  ],
  "version" : 3
}
