{
  "object": {
    "pins": [
      {
        "package": "Base58Swift",
        "repositoryURL": "https://github.com/keefertaylor/Base58Swift.git",
        "state": {
          "branch": null,
          "revision": "1c13ea6b07f1584660526f8bde3d4cc150e91acd",
          "version": "2.1.14"
        }
      },
      {
        "package": "BigInt",
        "repositoryURL": "https://github.com/attaswift/BigInt.git",
        "state": {
          "branch": null,
          "revision": "e1f28276687d7661cbb2754771bd9fc281784e32",
          "version": "5.2.0"
        }
      }
    ]
  },
  "version": 1
}
